// !$*UTF8*$!
{
	archiveVersion = 1;
	classes = {
	};
	objectVersion = 46;
	objects = {

/* Begin PBXBuildFile section */
		1CC579141F5433F5000A4B82 /* ass.c in Sources */ = {isa = PBXBuildFile; fileRef = 1CC9B7F31F5416FA002EF833 /* ass.c */; };
		1CC579151F5433F5000A4B82 /* ass_bitmap.c in Sources */ = {isa = PBXBuildFile; fileRef = 1CC9B7F51F5416FA002EF833 /* ass_bitmap.c */; };
		1CC579161F5433F5000A4B82 /* ass_blur.c in Sources */ = {isa = PBXBuildFile; fileRef = 1CC9B7F71F5416FA002EF833 /* ass_blur.c */; };
		1CC579171F5433F5000A4B82 /* ass_cache.c in Sources */ = {isa = PBXBuildFile; fileRef = 1CC9B7F81F5416FA002EF833 /* ass_cache.c */; };
		1CC579181F5433F5000A4B82 /* ass_coretext.c in Sources */ = {isa = PBXBuildFile; fileRef = 1CC9B7FC1F5416FA002EF833 /* ass_coretext.c */; };
		1CC579191F5433F5000A4B82 /* ass_directwrite.c in Sources */ = {isa = PBXBuildFile; fileRef = 1CC9B7FE1F5416FA002EF833 /* ass_directwrite.c */; };
		1CC5791A1F5433F5000A4B82 /* ass_drawing.c in Sources */ = {isa = PBXBuildFile; fileRef = 1CC9B8001F5416FA002EF833 /* ass_drawing.c */; };
		1CC5791B1F5433F5000A4B82 /* ass_font.c in Sources */ = {isa = PBXBuildFile; fileRef = 1CC9B8021F5416FA002EF833 /* ass_font.c */; };
		1CC5791C1F5433F5000A4B82 /* ass_fontconfig.c in Sources */ = {isa = PBXBuildFile; fileRef = 1CC9B8041F5416FA002EF833 /* ass_fontconfig.c */; };
		1CC5791D1F5433F5000A4B82 /* ass_fontselect.c in Sources */ = {isa = PBXBuildFile; fileRef = 1CC9B8061F5416FA002EF833 /* ass_fontselect.c */; };
		1CC5791E1F5433F5000A4B82 /* ass_library.c in Sources */ = {isa = PBXBuildFile; fileRef = 1CC9B8091F5416FA002EF833 /* ass_library.c */; };
		1CC5791F1F5433F5000A4B82 /* ass_outline.c in Sources */ = {isa = PBXBuildFile; fileRef = 1CC9B80B1F5416FA002EF833 /* ass_outline.c */; };
		1CC579201F5433F5000A4B82 /* ass_parse.c in Sources */ = {isa = PBXBuildFile; fileRef = 1CC9B80D1F5416FA002EF833 /* ass_parse.c */; };
		1CC579211F5433F5000A4B82 /* ass_rasterizer.c in Sources */ = {isa = PBXBuildFile; fileRef = 1CC9B80F1F5416FA002EF833 /* ass_rasterizer.c */; };
		1CC579221F5433F5000A4B82 /* ass_rasterizer_c.c in Sources */ = {isa = PBXBuildFile; fileRef = 1CC9B8111F5416FA002EF833 /* ass_rasterizer_c.c */; };
		1CC579231F5433F5000A4B82 /* ass_render.c in Sources */ = {isa = PBXBuildFile; fileRef = 1CC9B8121F5416FA002EF833 /* ass_render.c */; };
		1CC579241F5433F5000A4B82 /* ass_render_api.c in Sources */ = {isa = PBXBuildFile; fileRef = 1CC9B8141F5416FA002EF833 /* ass_render_api.c */; };
		1CC579251F5433F5000A4B82 /* ass_shaper.c in Sources */ = {isa = PBXBuildFile; fileRef = 1CC9B8151F5416FA002EF833 /* ass_shaper.c */; };
		1CC579261F5433F5000A4B82 /* ass_string.c in Sources */ = {isa = PBXBuildFile; fileRef = 1CC9B8171F5416FA002EF833 /* ass_string.c */; };
		1CC579271F5433F5000A4B82 /* ass_strtod.c in Sources */ = {isa = PBXBuildFile; fileRef = 1CC9B8191F5416FA002EF833 /* ass_strtod.c */; };
		1CC579281F5433F5000A4B82 /* ass_utils.c in Sources */ = {isa = PBXBuildFile; fileRef = 1CC9B81B1F5416FA002EF833 /* ass_utils.c */; };
		1CC5792A1F543785000A4B82 /* libFreetype2.a in Frameworks */ = {isa = PBXBuildFile; fileRef = 1CC579291F543785000A4B82 /* libFreetype2.a */; };
		1CC9B7AB1F54168B002EF833 /* libassIOS.m in Sources */ = {isa = PBXBuildFile; fileRef = 1CC9B7AA1F54168B002EF833 /* libassIOS.m */; };
		1CC9B7AC1F54168B002EF833 /* libassIOS.h in CopyFiles */ = {isa = PBXBuildFile; fileRef = 1CC9B7A91F54168B002EF833 /* libassIOS.h */; };
/* End PBXBuildFile section */

/* Begin PBXCopyFilesBuildPhase section */
		1CC9B7A41F54168B002EF833 /* CopyFiles */ = {
			isa = PBXCopyFilesBuildPhase;
			buildActionMask = 2147483647;
			dstPath = "include/$(PRODUCT_NAME)";
			dstSubfolderSpec = 16;
			files = (
				1CC9B7AC1F54168B002EF833 /* libassIOS.h in CopyFiles */,
			);
			runOnlyForDeploymentPostprocessing = 0;
		};
/* End PBXCopyFilesBuildPhase section */

/* Begin PBXFileReference section */
		1CC579291F543785000A4B82 /* libFreetype2.a */ = {isa = PBXFileReference; lastKnownFileType = archive.ar; path = libFreetype2.a; sourceTree = "<group>"; };
		1CC5792B1F5437B4000A4B82 /* ft2build.h */ = {isa = PBXFileReference; lastKnownFileType = sourcecode.c.h; path = ft2build.h; sourceTree = "<group>"; };
		1CC5792E1F543817000A4B82 /* ftconfig.h */ = {isa = PBXFileReference; lastKnownFileType = sourcecode.c.h; path = ftconfig.h; sourceTree = "<group>"; };
		1CC5792F1F543817000A4B82 /* ftheader.h */ = {isa = PBXFileReference; lastKnownFileType = sourcecode.c.h; path = ftheader.h; sourceTree = "<group>"; };
		1CC579301F543817000A4B82 /* ftmodule.h */ = {isa = PBXFileReference; lastKnownFileType = sourcecode.c.h; path = ftmodule.h; sourceTree = "<group>"; };
		1CC579311F543817000A4B82 /* ftoption.h */ = {isa = PBXFileReference; lastKnownFileType = sourcecode.c.h; path = ftoption.h; sourceTree = "<group>"; };
		1CC579321F543817000A4B82 /* ftstdlib.h */ = {isa = PBXFileReference; lastKnownFileType = sourcecode.c.h; path = ftstdlib.h; sourceTree = "<group>"; };
		1CC579331F543817000A4B82 /* freetype.h */ = {isa = PBXFileReference; lastKnownFileType = sourcecode.c.h; path = freetype.h; sourceTree = "<group>"; };
		1CC579341F543817000A4B82 /* ftadvanc.h */ = {isa = PBXFileReference; lastKnownFileType = sourcecode.c.h; path = ftadvanc.h; sourceTree = "<group>"; };
		1CC579351F543817000A4B82 /* ftbbox.h */ = {isa = PBXFileReference; lastKnownFileType = sourcecode.c.h; path = ftbbox.h; sourceTree = "<group>"; };
		1CC579361F543817000A4B82 /* ftbdf.h */ = {isa = PBXFileReference; lastKnownFileType = sourcecode.c.h; path = ftbdf.h; sourceTree = "<group>"; };
		1CC579371F543817000A4B82 /* ftbitmap.h */ = {isa = PBXFileReference; lastKnownFileType = sourcecode.c.h; path = ftbitmap.h; sourceTree = "<group>"; };
		1CC579381F543817000A4B82 /* ftcache.h */ = {isa = PBXFileReference; lastKnownFileType = sourcecode.c.h; path = ftcache.h; sourceTree = "<group>"; };
		1CC579391F543817000A4B82 /* ftchapters.h */ = {isa = PBXFileReference; lastKnownFileType = sourcecode.c.h; path = ftchapters.h; sourceTree = "<group>"; };
		1CC5793A1F543817000A4B82 /* ftcid.h */ = {isa = PBXFileReference; lastKnownFileType = sourcecode.c.h; path = ftcid.h; sourceTree = "<group>"; };
		1CC5793B1F543817000A4B82 /* fterrdef.h */ = {isa = PBXFileReference; lastKnownFileType = sourcecode.c.h; path = fterrdef.h; sourceTree = "<group>"; };
		1CC5793C1F543817000A4B82 /* fterrors.h */ = {isa = PBXFileReference; lastKnownFileType = sourcecode.c.h; path = fterrors.h; sourceTree = "<group>"; };
		1CC5793D1F543817000A4B82 /* ftgasp.h */ = {isa = PBXFileReference; lastKnownFileType = sourcecode.c.h; path = ftgasp.h; sourceTree = "<group>"; };
		1CC5793E1F543817000A4B82 /* ftglyph.h */ = {isa = PBXFileReference; lastKnownFileType = sourcecode.c.h; path = ftglyph.h; sourceTree = "<group>"; };
		1CC5793F1F543817000A4B82 /* ftgxval.h */ = {isa = PBXFileReference; lastKnownFileType = sourcecode.c.h; path = ftgxval.h; sourceTree = "<group>"; };
		1CC579401F543817000A4B82 /* ftgzip.h */ = {isa = PBXFileReference; lastKnownFileType = sourcecode.c.h; path = ftgzip.h; sourceTree = "<group>"; };
		1CC579411F543817000A4B82 /* ftimage.h */ = {isa = PBXFileReference; lastKnownFileType = sourcecode.c.h; path = ftimage.h; sourceTree = "<group>"; };
		1CC579421F543817000A4B82 /* ftincrem.h */ = {isa = PBXFileReference; lastKnownFileType = sourcecode.c.h; path = ftincrem.h; sourceTree = "<group>"; };
		1CC579431F543817000A4B82 /* ftlcdfil.h */ = {isa = PBXFileReference; lastKnownFileType = sourcecode.c.h; path = ftlcdfil.h; sourceTree = "<group>"; };
		1CC579441F543817000A4B82 /* ftlist.h */ = {isa = PBXFileReference; lastKnownFileType = sourcecode.c.h; path = ftlist.h; sourceTree = "<group>"; };
		1CC579451F543817000A4B82 /* ftlzw.h */ = {isa = PBXFileReference; lastKnownFileType = sourcecode.c.h; path = ftlzw.h; sourceTree = "<group>"; };
		1CC579461F543817000A4B82 /* ftmac.h */ = {isa = PBXFileReference; lastKnownFileType = sourcecode.c.h; path = ftmac.h; sourceTree = "<group>"; };
		1CC579471F543817000A4B82 /* ftmm.h */ = {isa = PBXFileReference; lastKnownFileType = sourcecode.c.h; path = ftmm.h; sourceTree = "<group>"; };
		1CC579481F543817000A4B82 /* ftmodapi.h */ = {isa = PBXFileReference; lastKnownFileType = sourcecode.c.h; path = ftmodapi.h; sourceTree = "<group>"; };
		1CC579491F543817000A4B82 /* ftmoderr.h */ = {isa = PBXFileReference; lastKnownFileType = sourcecode.c.h; path = ftmoderr.h; sourceTree = "<group>"; };
		1CC5794A1F543817000A4B82 /* ftotval.h */ = {isa = PBXFileReference; lastKnownFileType = sourcecode.c.h; path = ftotval.h; sourceTree = "<group>"; };
		1CC5794B1F543817000A4B82 /* ftoutln.h */ = {isa = PBXFileReference; lastKnownFileType = sourcecode.c.h; path = ftoutln.h; sourceTree = "<group>"; };
		1CC5794C1F543817000A4B82 /* ftpfr.h */ = {isa = PBXFileReference; lastKnownFileType = sourcecode.c.h; path = ftpfr.h; sourceTree = "<group>"; };
		1CC5794D1F543817000A4B82 /* ftrender.h */ = {isa = PBXFileReference; lastKnownFileType = sourcecode.c.h; path = ftrender.h; sourceTree = "<group>"; };
		1CC5794E1F543817000A4B82 /* ftsizes.h */ = {isa = PBXFileReference; lastKnownFileType = sourcecode.c.h; path = ftsizes.h; sourceTree = "<group>"; };
		1CC5794F1F543817000A4B82 /* ftsnames.h */ = {isa = PBXFileReference; lastKnownFileType = sourcecode.c.h; path = ftsnames.h; sourceTree = "<group>"; };
		1CC579501F543817000A4B82 /* ftstroke.h */ = {isa = PBXFileReference; lastKnownFileType = sourcecode.c.h; path = ftstroke.h; sourceTree = "<group>"; };
		1CC579511F543817000A4B82 /* ftsynth.h */ = {isa = PBXFileReference; lastKnownFileType = sourcecode.c.h; path = ftsynth.h; sourceTree = "<group>"; };
		1CC579521F543817000A4B82 /* ftsystem.h */ = {isa = PBXFileReference; lastKnownFileType = sourcecode.c.h; path = ftsystem.h; sourceTree = "<group>"; };
		1CC579531F543817000A4B82 /* fttrigon.h */ = {isa = PBXFileReference; lastKnownFileType = sourcecode.c.h; path = fttrigon.h; sourceTree = "<group>"; };
		1CC579541F543817000A4B82 /* fttypes.h */ = {isa = PBXFileReference; lastKnownFileType = sourcecode.c.h; path = fttypes.h; sourceTree = "<group>"; };
		1CC579551F543817000A4B82 /* ftwinfnt.h */ = {isa = PBXFileReference; lastKnownFileType = sourcecode.c.h; path = ftwinfnt.h; sourceTree = "<group>"; };
		1CC579561F543817000A4B82 /* ftxf86.h */ = {isa = PBXFileReference; lastKnownFileType = sourcecode.c.h; path = ftxf86.h; sourceTree = "<group>"; };
		1CC579581F543817000A4B82 /* autohint.h */ = {isa = PBXFileReference; lastKnownFileType = sourcecode.c.h; path = autohint.h; sourceTree = "<group>"; };
		1CC579591F543817000A4B82 /* ftcalc.h */ = {isa = PBXFileReference; lastKnownFileType = sourcecode.c.h; path = ftcalc.h; sourceTree = "<group>"; };
		1CC5795A1F543817000A4B82 /* ftdebug.h */ = {isa = PBXFileReference; lastKnownFileType = sourcecode.c.h; path = ftdebug.h; sourceTree = "<group>"; };
		1CC5795B1F543817000A4B82 /* ftdriver.h */ = {isa = PBXFileReference; lastKnownFileType = sourcecode.c.h; path = ftdriver.h; sourceTree = "<group>"; };
		1CC5795C1F543817000A4B82 /* ftgloadr.h */ = {isa = PBXFileReference; lastKnownFileType = sourcecode.c.h; path = ftgloadr.h; sourceTree = "<group>"; };
		1CC5795D1F543817000A4B82 /* ftmemory.h */ = {isa = PBXFileReference; lastKnownFileType = sourcecode.c.h; path = ftmemory.h; sourceTree = "<group>"; };
		1CC5795E1F543817000A4B82 /* ftobjs.h */ = {isa = PBXFileReference; lastKnownFileType = sourcecode.c.h; path = ftobjs.h; sourceTree = "<group>"; };
		1CC5795F1F543817000A4B82 /* ftpic.h */ = {isa = PBXFileReference; lastKnownFileType = sourcecode.c.h; path = ftpic.h; sourceTree = "<group>"; };
		1CC579601F543817000A4B82 /* ftrfork.h */ = {isa = PBXFileReference; lastKnownFileType = sourcecode.c.h; path = ftrfork.h; sourceTree = "<group>"; };
		1CC579611F543817000A4B82 /* ftserv.h */ = {isa = PBXFileReference; lastKnownFileType = sourcecode.c.h; path = ftserv.h; sourceTree = "<group>"; };
		1CC579621F543817000A4B82 /* ftstream.h */ = {isa = PBXFileReference; lastKnownFileType = sourcecode.c.h; path = ftstream.h; sourceTree = "<group>"; };
		1CC579631F543817000A4B82 /* fttrace.h */ = {isa = PBXFileReference; lastKnownFileType = sourcecode.c.h; path = fttrace.h; sourceTree = "<group>"; };
		1CC579641F543817000A4B82 /* ftvalid.h */ = {isa = PBXFileReference; lastKnownFileType = sourcecode.c.h; path = ftvalid.h; sourceTree = "<group>"; };
		1CC579651F543817000A4B82 /* internal.h */ = {isa = PBXFileReference; lastKnownFileType = sourcecode.c.h; path = internal.h; sourceTree = "<group>"; };
		1CC579661F543817000A4B82 /* pcftypes.h */ = {isa = PBXFileReference; lastKnownFileType = sourcecode.c.h; path = pcftypes.h; sourceTree = "<group>"; };
		1CC579671F543817000A4B82 /* psaux.h */ = {isa = PBXFileReference; lastKnownFileType = sourcecode.c.h; path = psaux.h; sourceTree = "<group>"; };
		1CC579681F543817000A4B82 /* pshints.h */ = {isa = PBXFileReference; lastKnownFileType = sourcecode.c.h; path = pshints.h; sourceTree = "<group>"; };
		1CC5796A1F543817000A4B82 /* svbdf.h */ = {isa = PBXFileReference; lastKnownFileType = sourcecode.c.h; path = svbdf.h; sourceTree = "<group>"; };
		1CC5796B1F543817000A4B82 /* svcid.h */ = {isa = PBXFileReference; lastKnownFileType = sourcecode.c.h; path = svcid.h; sourceTree = "<group>"; };
		1CC5796C1F543817000A4B82 /* svgldict.h */ = {isa = PBXFileReference; lastKnownFileType = sourcecode.c.h; path = svgldict.h; sourceTree = "<group>"; };
		1CC5796D1F543817000A4B82 /* svgxval.h */ = {isa = PBXFileReference; lastKnownFileType = sourcecode.c.h; path = svgxval.h; sourceTree = "<group>"; };
		1CC5796E1F543817000A4B82 /* svkern.h */ = {isa = PBXFileReference; lastKnownFileType = sourcecode.c.h; path = svkern.h; sourceTree = "<group>"; };
		1CC5796F1F543817000A4B82 /* svmm.h */ = {isa = PBXFileReference; lastKnownFileType = sourcecode.c.h; path = svmm.h; sourceTree = "<group>"; };
		1CC579701F543817000A4B82 /* svotval.h */ = {isa = PBXFileReference; lastKnownFileType = sourcecode.c.h; path = svotval.h; sourceTree = "<group>"; };
		1CC579711F543817000A4B82 /* svpfr.h */ = {isa = PBXFileReference; lastKnownFileType = sourcecode.c.h; path = svpfr.h; sourceTree = "<group>"; };
		1CC579721F543817000A4B82 /* svpostnm.h */ = {isa = PBXFileReference; lastKnownFileType = sourcecode.c.h; path = svpostnm.h; sourceTree = "<group>"; };
		1CC579731F543817000A4B82 /* svpscmap.h */ = {isa = PBXFileReference; lastKnownFileType = sourcecode.c.h; path = svpscmap.h; sourceTree = "<group>"; };
		1CC579741F543817000A4B82 /* svpsinfo.h */ = {isa = PBXFileReference; lastKnownFileType = sourcecode.c.h; path = svpsinfo.h; sourceTree = "<group>"; };
		1CC579751F543817000A4B82 /* svsfnt.h */ = {isa = PBXFileReference; lastKnownFileType = sourcecode.c.h; path = svsfnt.h; sourceTree = "<group>"; };
		1CC579761F543817000A4B82 /* svttcmap.h */ = {isa = PBXFileReference; lastKnownFileType = sourcecode.c.h; path = svttcmap.h; sourceTree = "<group>"; };
		1CC579771F543817000A4B82 /* svtteng.h */ = {isa = PBXFileReference; lastKnownFileType = sourcecode.c.h; path = svtteng.h; sourceTree = "<group>"; };
		1CC579781F543817000A4B82 /* svttglyf.h */ = {isa = PBXFileReference; lastKnownFileType = sourcecode.c.h; path = svttglyf.h; sourceTree = "<group>"; };
		1CC579791F543817000A4B82 /* svwinfnt.h */ = {isa = PBXFileReference; lastKnownFileType = sourcecode.c.h; path = svwinfnt.h; sourceTree = "<group>"; };
		1CC5797A1F543817000A4B82 /* svxf86nm.h */ = {isa = PBXFileReference; lastKnownFileType = sourcecode.c.h; path = svxf86nm.h; sourceTree = "<group>"; };
		1CC5797B1F543817000A4B82 /* sfnt.h */ = {isa = PBXFileReference; lastKnownFileType = sourcecode.c.h; path = sfnt.h; sourceTree = "<group>"; };
		1CC5797C1F543817000A4B82 /* t1types.h */ = {isa = PBXFileReference; lastKnownFileType = sourcecode.c.h; path = t1types.h; sourceTree = "<group>"; };
		1CC5797D1F543817000A4B82 /* tttypes.h */ = {isa = PBXFileReference; lastKnownFileType = sourcecode.c.h; path = tttypes.h; sourceTree = "<group>"; };
		1CC5797E1F543817000A4B82 /* t1tables.h */ = {isa = PBXFileReference; lastKnownFileType = sourcecode.c.h; path = t1tables.h; sourceTree = "<group>"; };
		1CC5797F1F543817000A4B82 /* ttnameid.h */ = {isa = PBXFileReference; lastKnownFileType = sourcecode.c.h; path = ttnameid.h; sourceTree = "<group>"; };
		1CC579801F543817000A4B82 /* tttables.h */ = {isa = PBXFileReference; lastKnownFileType = sourcecode.c.h; path = tttables.h; sourceTree = "<group>"; };
		1CC579811F543817000A4B82 /* tttags.h */ = {isa = PBXFileReference; lastKnownFileType = sourcecode.c.h; path = tttags.h; sourceTree = "<group>"; };
		1CC579821F543817000A4B82 /* ttunpat.h */ = {isa = PBXFileReference; lastKnownFileType = sourcecode.c.h; path = ttunpat.h; sourceTree = "<group>"; };
		1CC9B7A61F54168B002EF833 /* liblibassIOS.a */ = {isa = PBXFileReference; explicitFileType = archive.ar; includeInIndex = 0; path = liblibassIOS.a; sourceTree = BUILT_PRODUCTS_DIR; };
		1CC9B7A91F54168B002EF833 /* libassIOS.h */ = {isa = PBXFileReference; lastKnownFileType = sourcecode.c.h; path = libassIOS.h; sourceTree = "<group>"; };
		1CC9B7AA1F54168B002EF833 /* libassIOS.m */ = {isa = PBXFileReference; lastKnownFileType = sourcecode.c.objc; path = libassIOS.m; sourceTree = "<group>"; };
		1CC9B7F31F5416FA002EF833 /* ass.c */ = {isa = PBXFileReference; lastKnownFileType = sourcecode.c.c; path = ass.c; sourceTree = "<group>"; };
		1CC9B7F41F5416FA002EF833 /* ass.h */ = {isa = PBXFileReference; lastKnownFileType = sourcecode.c.h; path = ass.h; sourceTree = "<group>"; };
		1CC9B7F51F5416FA002EF833 /* ass_bitmap.c */ = {isa = PBXFileReference; lastKnownFileType = sourcecode.c.c; path = ass_bitmap.c; sourceTree = "<group>"; };
		1CC9B7F61F5416FA002EF833 /* ass_bitmap.h */ = {isa = PBXFileReference; lastKnownFileType = sourcecode.c.h; path = ass_bitmap.h; sourceTree = "<group>"; };
		1CC9B7F71F5416FA002EF833 /* ass_blur.c */ = {isa = PBXFileReference; lastKnownFileType = sourcecode.c.c; path = ass_blur.c; sourceTree = "<group>"; };
		1CC9B7F81F5416FA002EF833 /* ass_cache.c */ = {isa = PBXFileReference; lastKnownFileType = sourcecode.c.c; path = ass_cache.c; sourceTree = "<group>"; };
		1CC9B7F91F5416FA002EF833 /* ass_cache.h */ = {isa = PBXFileReference; lastKnownFileType = sourcecode.c.h; path = ass_cache.h; sourceTree = "<group>"; };
		1CC9B7FA1F5416FA002EF833 /* ass_cache_template.h */ = {isa = PBXFileReference; lastKnownFileType = sourcecode.c.h; path = ass_cache_template.h; sourceTree = "<group>"; };
		1CC9B7FB1F5416FA002EF833 /* ass_compat.h */ = {isa = PBXFileReference; lastKnownFileType = sourcecode.c.h; path = ass_compat.h; sourceTree = "<group>"; };
		1CC9B7FC1F5416FA002EF833 /* ass_coretext.c */ = {isa = PBXFileReference; lastKnownFileType = sourcecode.c.c; path = ass_coretext.c; sourceTree = "<group>"; };
		1CC9B7FD1F5416FA002EF833 /* ass_coretext.h */ = {isa = PBXFileReference; lastKnownFileType = sourcecode.c.h; path = ass_coretext.h; sourceTree = "<group>"; };
		1CC9B7FE1F5416FA002EF833 /* ass_directwrite.c */ = {isa = PBXFileReference; lastKnownFileType = sourcecode.c.c; path = ass_directwrite.c; sourceTree = "<group>"; };
		1CC9B7FF1F5416FA002EF833 /* ass_directwrite.h */ = {isa = PBXFileReference; lastKnownFileType = sourcecode.c.h; path = ass_directwrite.h; sourceTree = "<group>"; };
		1CC9B8001F5416FA002EF833 /* ass_drawing.c */ = {isa = PBXFileReference; lastKnownFileType = sourcecode.c.c; path = ass_drawing.c; sourceTree = "<group>"; };
		1CC9B8011F5416FA002EF833 /* ass_drawing.h */ = {isa = PBXFileReference; lastKnownFileType = sourcecode.c.h; path = ass_drawing.h; sourceTree = "<group>"; };
		1CC9B8021F5416FA002EF833 /* ass_font.c */ = {isa = PBXFileReference; lastKnownFileType = sourcecode.c.c; path = ass_font.c; sourceTree = "<group>"; };
		1CC9B8031F5416FA002EF833 /* ass_font.h */ = {isa = PBXFileReference; lastKnownFileType = sourcecode.c.h; path = ass_font.h; sourceTree = "<group>"; };
		1CC9B8041F5416FA002EF833 /* ass_fontconfig.c */ = {isa = PBXFileReference; lastKnownFileType = sourcecode.c.c; path = ass_fontconfig.c; sourceTree = "<group>"; };
		1CC9B8051F5416FA002EF833 /* ass_fontconfig.h */ = {isa = PBXFileReference; lastKnownFileType = sourcecode.c.h; path = ass_fontconfig.h; sourceTree = "<group>"; };
		1CC9B8061F5416FA002EF833 /* ass_fontselect.c */ = {isa = PBXFileReference; lastKnownFileType = sourcecode.c.c; path = ass_fontselect.c; sourceTree = "<group>"; };
		1CC9B8071F5416FA002EF833 /* ass_fontselect.h */ = {isa = PBXFileReference; lastKnownFileType = sourcecode.c.h; path = ass_fontselect.h; sourceTree = "<group>"; };
		1CC9B8081F5416FA002EF833 /* ass_func_template.h */ = {isa = PBXFileReference; lastKnownFileType = sourcecode.c.h; path = ass_func_template.h; sourceTree = "<group>"; };
		1CC9B8091F5416FA002EF833 /* ass_library.c */ = {isa = PBXFileReference; lastKnownFileType = sourcecode.c.c; path = ass_library.c; sourceTree = "<group>"; };
		1CC9B80A1F5416FA002EF833 /* ass_library.h */ = {isa = PBXFileReference; lastKnownFileType = sourcecode.c.h; path = ass_library.h; sourceTree = "<group>"; };
		1CC9B80B1F5416FA002EF833 /* ass_outline.c */ = {isa = PBXFileReference; lastKnownFileType = sourcecode.c.c; path = ass_outline.c; sourceTree = "<group>"; };
		1CC9B80C1F5416FA002EF833 /* ass_outline.h */ = {isa = PBXFileReference; lastKnownFileType = sourcecode.c.h; path = ass_outline.h; sourceTree = "<group>"; };
		1CC9B80D1F5416FA002EF833 /* ass_parse.c */ = {isa = PBXFileReference; lastKnownFileType = sourcecode.c.c; path = ass_parse.c; sourceTree = "<group>"; };
		1CC9B80E1F5416FA002EF833 /* ass_parse.h */ = {isa = PBXFileReference; lastKnownFileType = sourcecode.c.h; path = ass_parse.h; sourceTree = "<group>"; };
		1CC9B80F1F5416FA002EF833 /* ass_rasterizer.c */ = {isa = PBXFileReference; lastKnownFileType = sourcecode.c.c; path = ass_rasterizer.c; sourceTree = "<group>"; };
		1CC9B8101F5416FA002EF833 /* ass_rasterizer.h */ = {isa = PBXFileReference; lastKnownFileType = sourcecode.c.h; path = ass_rasterizer.h; sourceTree = "<group>"; };
		1CC9B8111F5416FA002EF833 /* ass_rasterizer_c.c */ = {isa = PBXFileReference; lastKnownFileType = sourcecode.c.c; path = ass_rasterizer_c.c; sourceTree = "<group>"; };
		1CC9B8121F5416FA002EF833 /* ass_render.c */ = {isa = PBXFileReference; lastKnownFileType = sourcecode.c.c; path = ass_render.c; sourceTree = "<group>"; };
		1CC9B8131F5416FA002EF833 /* ass_render.h */ = {isa = PBXFileReference; lastKnownFileType = sourcecode.c.h; path = ass_render.h; sourceTree = "<group>"; };
		1CC9B8141F5416FA002EF833 /* ass_render_api.c */ = {isa = PBXFileReference; lastKnownFileType = sourcecode.c.c; path = ass_render_api.c; sourceTree = "<group>"; };
		1CC9B8151F5416FA002EF833 /* ass_shaper.c */ = {isa = PBXFileReference; lastKnownFileType = sourcecode.c.c; path = ass_shaper.c; sourceTree = "<group>"; };
		1CC9B8161F5416FA002EF833 /* ass_shaper.h */ = {isa = PBXFileReference; lastKnownFileType = sourcecode.c.h; path = ass_shaper.h; sourceTree = "<group>"; };
		1CC9B8171F5416FA002EF833 /* ass_string.c */ = {isa = PBXFileReference; lastKnownFileType = sourcecode.c.c; path = ass_string.c; sourceTree = "<group>"; };
		1CC9B8181F5416FA002EF833 /* ass_string.h */ = {isa = PBXFileReference; lastKnownFileType = sourcecode.c.h; path = ass_string.h; sourceTree = "<group>"; };
		1CC9B8191F5416FA002EF833 /* ass_strtod.c */ = {isa = PBXFileReference; lastKnownFileType = sourcecode.c.c; path = ass_strtod.c; sourceTree = "<group>"; };
		1CC9B81A1F5416FA002EF833 /* ass_types.h */ = {isa = PBXFileReference; lastKnownFileType = sourcecode.c.h; path = ass_types.h; sourceTree = "<group>"; };
		1CC9B81B1F5416FA002EF833 /* ass_utils.c */ = {isa = PBXFileReference; lastKnownFileType = sourcecode.c.c; path = ass_utils.c; sourceTree = "<group>"; };
		1CC9B81C1F5416FA002EF833 /* ass_utils.h */ = {isa = PBXFileReference; lastKnownFileType = sourcecode.c.h; path = ass_utils.h; sourceTree = "<group>"; };
		1CC9B81D1F5416FA002EF833 /* dwrite_c.h */ = {isa = PBXFileReference; lastKnownFileType = sourcecode.c.h; path = dwrite_c.h; sourceTree = "<group>"; };
/* End PBXFileReference section */

/* Begin PBXFrameworksBuildPhase section */
		1CC9B7A31F54168B002EF833 /* Frameworks */ = {
			isa = PBXFrameworksBuildPhase;
			buildActionMask = 2147483647;
			files = (
				1CC5792A1F543785000A4B82 /* libFreetype2.a in Frameworks */,
			);
			runOnlyForDeploymentPostprocessing = 0;
		};
/* End PBXFrameworksBuildPhase section */

/* Begin PBXGroup section */
		1CC5792C1F543817000A4B82 /* freetype */ = {
			isa = PBXGroup;
			children = (
				1CC5792D1F543817000A4B82 /* config */,
				1CC579331F543817000A4B82 /* freetype.h */,
				1CC579341F543817000A4B82 /* ftadvanc.h */,
				1CC579351F543817000A4B82 /* ftbbox.h */,
				1CC579361F543817000A4B82 /* ftbdf.h */,
				1CC579371F543817000A4B82 /* ftbitmap.h */,
				1CC579381F543817000A4B82 /* ftcache.h */,
				1CC579391F543817000A4B82 /* ftchapters.h */,
				1CC5793A1F543817000A4B82 /* ftcid.h */,
				1CC5793B1F543817000A4B82 /* fterrdef.h */,
				1CC5793C1F543817000A4B82 /* fterrors.h */,
				1CC5793D1F543817000A4B82 /* ftgasp.h */,
				1CC5793E1F543817000A4B82 /* ftglyph.h */,
				1CC5793F1F543817000A4B82 /* ftgxval.h */,
				1CC579401F543817000A4B82 /* ftgzip.h */,
				1CC579411F543817000A4B82 /* ftimage.h */,
				1CC579421F543817000A4B82 /* ftincrem.h */,
				1CC579431F543817000A4B82 /* ftlcdfil.h */,
				1CC579441F543817000A4B82 /* ftlist.h */,
				1CC579451F543817000A4B82 /* ftlzw.h */,
				1CC579461F543817000A4B82 /* ftmac.h */,
				1CC579471F543817000A4B82 /* ftmm.h */,
				1CC579481F543817000A4B82 /* ftmodapi.h */,
				1CC579491F543817000A4B82 /* ftmoderr.h */,
				1CC5794A1F543817000A4B82 /* ftotval.h */,
				1CC5794B1F543817000A4B82 /* ftoutln.h */,
				1CC5794C1F543817000A4B82 /* ftpfr.h */,
				1CC5794D1F543817000A4B82 /* ftrender.h */,
				1CC5794E1F543817000A4B82 /* ftsizes.h */,
				1CC5794F1F543817000A4B82 /* ftsnames.h */,
				1CC579501F543817000A4B82 /* ftstroke.h */,
				1CC579511F543817000A4B82 /* ftsynth.h */,
				1CC579521F543817000A4B82 /* ftsystem.h */,
				1CC579531F543817000A4B82 /* fttrigon.h */,
				1CC579541F543817000A4B82 /* fttypes.h */,
				1CC579551F543817000A4B82 /* ftwinfnt.h */,
				1CC579561F543817000A4B82 /* ftxf86.h */,
				1CC579571F543817000A4B82 /* internal */,
				1CC5797E1F543817000A4B82 /* t1tables.h */,
				1CC5797F1F543817000A4B82 /* ttnameid.h */,
				1CC579801F543817000A4B82 /* tttables.h */,
				1CC579811F543817000A4B82 /* tttags.h */,
				1CC579821F543817000A4B82 /* ttunpat.h */,
			);
			path = freetype;
			sourceTree = "<group>";
		};
		1CC5792D1F543817000A4B82 /* config */ = {
			isa = PBXGroup;
			children = (
				1CC5792E1F543817000A4B82 /* ftconfig.h */,
				1CC5792F1F543817000A4B82 /* ftheader.h */,
				1CC579301F543817000A4B82 /* ftmodule.h */,
				1CC579311F543817000A4B82 /* ftoption.h */,
				1CC579321F543817000A4B82 /* ftstdlib.h */,
			);
			path = config;
			sourceTree = "<group>";
		};
		1CC579571F543817000A4B82 /* internal */ = {
			isa = PBXGroup;
			children = (
				1CC579581F543817000A4B82 /* autohint.h */,
				1CC579591F543817000A4B82 /* ftcalc.h */,
				1CC5795A1F543817000A4B82 /* ftdebug.h */,
				1CC5795B1F543817000A4B82 /* ftdriver.h */,
				1CC5795C1F543817000A4B82 /* ftgloadr.h */,
				1CC5795D1F543817000A4B82 /* ftmemory.h */,
				1CC5795E1F543817000A4B82 /* ftobjs.h */,
				1CC5795F1F543817000A4B82 /* ftpic.h */,
				1CC579601F543817000A4B82 /* ftrfork.h */,
				1CC579611F543817000A4B82 /* ftserv.h */,
				1CC579621F543817000A4B82 /* ftstream.h */,
				1CC579631F543817000A4B82 /* fttrace.h */,
				1CC579641F543817000A4B82 /* ftvalid.h */,
				1CC579651F543817000A4B82 /* internal.h */,
				1CC579661F543817000A4B82 /* pcftypes.h */,
				1CC579671F543817000A4B82 /* psaux.h */,
				1CC579681F543817000A4B82 /* pshints.h */,
				1CC579691F543817000A4B82 /* services */,
				1CC5797B1F543817000A4B82 /* sfnt.h */,
				1CC5797C1F543817000A4B82 /* t1types.h */,
				1CC5797D1F543817000A4B82 /* tttypes.h */,
			);
			path = internal;
			sourceTree = "<group>";
		};
		1CC579691F543817000A4B82 /* services */ = {
			isa = PBXGroup;
			children = (
				1CC5796A1F543817000A4B82 /* svbdf.h */,
				1CC5796B1F543817000A4B82 /* svcid.h */,
				1CC5796C1F543817000A4B82 /* svgldict.h */,
				1CC5796D1F543817000A4B82 /* svgxval.h */,
				1CC5796E1F543817000A4B82 /* svkern.h */,
				1CC5796F1F543817000A4B82 /* svmm.h */,
				1CC579701F543817000A4B82 /* svotval.h */,
				1CC579711F543817000A4B82 /* svpfr.h */,
				1CC579721F543817000A4B82 /* svpostnm.h */,
				1CC579731F543817000A4B82 /* svpscmap.h */,
				1CC579741F543817000A4B82 /* svpsinfo.h */,
				1CC579751F543817000A4B82 /* svsfnt.h */,
				1CC579761F543817000A4B82 /* svttcmap.h */,
				1CC579771F543817000A4B82 /* svtteng.h */,
				1CC579781F543817000A4B82 /* svttglyf.h */,
				1CC579791F543817000A4B82 /* svwinfnt.h */,
				1CC5797A1F543817000A4B82 /* svxf86nm.h */,
			);
			path = services;
			sourceTree = "<group>";
		};
		1CC9B79D1F54168B002EF833 = {
			isa = PBXGroup;
			children = (
				1CC579291F543785000A4B82 /* libFreetype2.a */,
				1CC5792C1F543817000A4B82 /* freetype */,
				1CC5792B1F5437B4000A4B82 /* ft2build.h */,
				1CC9B7F21F5416FA002EF833 /* libass */,
				1CC9B7A81F54168B002EF833 /* libassIOS */,
				1CC9B7A71F54168B002EF833 /* Products */,
			);
			sourceTree = "<group>";
		};
		1CC9B7A71F54168B002EF833 /* Products */ = {
			isa = PBXGroup;
			children = (
				1CC9B7A61F54168B002EF833 /* liblibassIOS.a */,
			);
			name = Products;
			sourceTree = "<group>";
		};
		1CC9B7A81F54168B002EF833 /* libassIOS */ = {
			isa = PBXGroup;
			children = (
				1CC9B7A91F54168B002EF833 /* libassIOS.h */,
				1CC9B7AA1F54168B002EF833 /* libassIOS.m */,
			);
			path = libassIOS;
			sourceTree = "<group>";
		};
		1CC9B7F21F5416FA002EF833 /* libass */ = {
			isa = PBXGroup;
			children = (
				1CC9B7F31F5416FA002EF833 /* ass.c */,
				1CC9B7F41F5416FA002EF833 /* ass.h */,
				1CC9B7F51F5416FA002EF833 /* ass_bitmap.c */,
				1CC9B7F61F5416FA002EF833 /* ass_bitmap.h */,
				1CC9B7F71F5416FA002EF833 /* ass_blur.c */,
				1CC9B7F81F5416FA002EF833 /* ass_cache.c */,
				1CC9B7F91F5416FA002EF833 /* ass_cache.h */,
				1CC9B7FA1F5416FA002EF833 /* ass_cache_template.h */,
				1CC9B7FB1F5416FA002EF833 /* ass_compat.h */,
				1CC9B7FC1F5416FA002EF833 /* ass_coretext.c */,
				1CC9B7FD1F5416FA002EF833 /* ass_coretext.h */,
				1CC9B7FE1F5416FA002EF833 /* ass_directwrite.c */,
				1CC9B7FF1F5416FA002EF833 /* ass_directwrite.h */,
				1CC9B8001F5416FA002EF833 /* ass_drawing.c */,
				1CC9B8011F5416FA002EF833 /* ass_drawing.h */,
				1CC9B8021F5416FA002EF833 /* ass_font.c */,
				1CC9B8031F5416FA002EF833 /* ass_font.h */,
				1CC9B8041F5416FA002EF833 /* ass_fontconfig.c */,
				1CC9B8051F5416FA002EF833 /* ass_fontconfig.h */,
				1CC9B8061F5416FA002EF833 /* ass_fontselect.c */,
				1CC9B8071F5416FA002EF833 /* ass_fontselect.h */,
				1CC9B8081F5416FA002EF833 /* ass_func_template.h */,
				1CC9B8091F5416FA002EF833 /* ass_library.c */,
				1CC9B80A1F5416FA002EF833 /* ass_library.h */,
				1CC9B80B1F5416FA002EF833 /* ass_outline.c */,
				1CC9B80C1F5416FA002EF833 /* ass_outline.h */,
				1CC9B80D1F5416FA002EF833 /* ass_parse.c */,
				1CC9B80E1F5416FA002EF833 /* ass_parse.h */,
				1CC9B80F1F5416FA002EF833 /* ass_rasterizer.c */,
				1CC9B8101F5416FA002EF833 /* ass_rasterizer.h */,
				1CC9B8111F5416FA002EF833 /* ass_rasterizer_c.c */,
				1CC9B8121F5416FA002EF833 /* ass_render.c */,
				1CC9B8131F5416FA002EF833 /* ass_render.h */,
				1CC9B8141F5416FA002EF833 /* ass_render_api.c */,
				1CC9B8151F5416FA002EF833 /* ass_shaper.c */,
				1CC9B8161F5416FA002EF833 /* ass_shaper.h */,
				1CC9B8171F5416FA002EF833 /* ass_string.c */,
				1CC9B8181F5416FA002EF833 /* ass_string.h */,
				1CC9B8191F5416FA002EF833 /* ass_strtod.c */,
				1CC9B81A1F5416FA002EF833 /* ass_types.h */,
				1CC9B81B1F5416FA002EF833 /* ass_utils.c */,
				1CC9B81C1F5416FA002EF833 /* ass_utils.h */,
				1CC9B81D1F5416FA002EF833 /* dwrite_c.h */,
			);
			path = libass;
			sourceTree = "<group>";
		};
/* End PBXGroup section */

/* Begin PBXNativeTarget section */
		1CC9B7A51F54168B002EF833 /* libassIOS */ = {
			isa = PBXNativeTarget;
			buildConfigurationList = 1CC9B7AF1F54168B002EF833 /* Build configuration list for PBXNativeTarget "libassIOS" */;
			buildPhases = (
				1CC9B7A21F54168B002EF833 /* Sources */,
				1CC9B7A31F54168B002EF833 /* Frameworks */,
				1CC9B7A41F54168B002EF833 /* CopyFiles */,
			);
			buildRules = (
			);
			dependencies = (
			);
			name = libassIOS;
			productName = libassIOS;
			productReference = 1CC9B7A61F54168B002EF833 /* liblibassIOS.a */;
			productType = "com.apple.product-type.library.static";
		};
/* End PBXNativeTarget section */

/* Begin PBXProject section */
		1CC9B79E1F54168B002EF833 /* Project object */ = {
			isa = PBXProject;
			attributes = {
				LastUpgradeCheck = 0830;
				ORGANIZATIONNAME = johnsong;
				TargetAttributes = {
					1CC9B7A51F54168B002EF833 = {
						CreatedOnToolsVersion = 8.3.3;
						DevelopmentTeam = HUQV62VUN8;
						ProvisioningStyle = Automatic;
					};
				};
			};
			buildConfigurationList = 1CC9B7A11F54168B002EF833 /* Build configuration list for PBXProject "libassIOS" */;
			compatibilityVersion = "Xcode 3.2";
			developmentRegion = English;
			hasScannedForEncodings = 0;
			knownRegions = (
				en,
			);
			mainGroup = 1CC9B79D1F54168B002EF833;
			productRefGroup = 1CC9B7A71F54168B002EF833 /* Products */;
			projectDirPath = "";
			projectRoot = "";
			targets = (
				1CC9B7A51F54168B002EF833 /* libassIOS */,
			);
		};
/* End PBXProject section */

/* Begin PBXSourcesBuildPhase section */
		1CC9B7A21F54168B002EF833 /* Sources */ = {
			isa = PBXSourcesBuildPhase;
			buildActionMask = 2147483647;
			files = (
				1CC5791C1F5433F5000A4B82 /* ass_fontconfig.c in Sources */,
				1CC5791F1F5433F5000A4B82 /* ass_outline.c in Sources */,
				1CC579261F5433F5000A4B82 /* ass_string.c in Sources */,
				1CC5791D1F5433F5000A4B82 /* ass_fontselect.c in Sources */,
				1CC5791A1F5433F5000A4B82 /* ass_drawing.c in Sources */,
				1CC579171F5433F5000A4B82 /* ass_cache.c in Sources */,
				1CC9B7AB1F54168B002EF833 /* libassIOS.m in Sources */,
				1CC579221F5433F5000A4B82 /* ass_rasterizer_c.c in Sources */,
				1CC5791E1F5433F5000A4B82 /* ass_library.c in Sources */,
				1CC579241F5433F5000A4B82 /* ass_render_api.c in Sources */,
				1CC579211F5433F5000A4B82 /* ass_rasterizer.c in Sources */,
				1CC579141F5433F5000A4B82 /* ass.c in Sources */,
				1CC579231F5433F5000A4B82 /* ass_render.c in Sources */,
				1CC579181F5433F5000A4B82 /* ass_coretext.c in Sources */,
				1CC5791B1F5433F5000A4B82 /* ass_font.c in Sources */,
				1CC579281F5433F5000A4B82 /* ass_utils.c in Sources */,
				1CC579271F5433F5000A4B82 /* ass_strtod.c in Sources */,
				1CC579161F5433F5000A4B82 /* ass_blur.c in Sources */,
				1CC579201F5433F5000A4B82 /* ass_parse.c in Sources */,
				1CC579191F5433F5000A4B82 /* ass_directwrite.c in Sources */,
				1CC579151F5433F5000A4B82 /* ass_bitmap.c in Sources */,
				1CC579251F5433F5000A4B82 /* ass_shaper.c in Sources */,
			);
			runOnlyForDeploymentPostprocessing = 0;
		};
/* End PBXSourcesBuildPhase section */

/* Begin XCBuildConfiguration section */
		1CC9B7AD1F54168B002EF833 /* Debug */ = {
			isa = XCBuildConfiguration;
			buildSettings = {
				ALWAYS_SEARCH_USER_PATHS = NO;
				CLANG_ANALYZER_NONNULL = YES;
				CLANG_ANALYZER_NUMBER_OBJECT_CONVERSION = YES_AGGRESSIVE;
				CLANG_CXX_LANGUAGE_STANDARD = "gnu++0x";
				CLANG_CXX_LIBRARY = "libc++";
				CLANG_ENABLE_MODULES = YES;
				CLANG_ENABLE_OBJC_ARC = YES;
				CLANG_WARN_BOOL_CONVERSION = YES;
				CLANG_WARN_CONSTANT_CONVERSION = YES;
				CLANG_WARN_DIRECT_OBJC_ISA_USAGE = YES_ERROR;
				CLANG_WARN_DOCUMENTATION_COMMENTS = YES;
				CLANG_WARN_EMPTY_BODY = YES;
				CLANG_WARN_ENUM_CONVERSION = YES;
				CLANG_WARN_INFINITE_RECURSION = YES;
				CLANG_WARN_INT_CONVERSION = YES;
				CLANG_WARN_OBJC_ROOT_CLASS = YES_ERROR;
				CLANG_WARN_SUSPICIOUS_MOVE = YES;
				CLANG_WARN_UNREACHABLE_CODE = YES;
				CLANG_WARN__DUPLICATE_METHOD_MATCH = YES;
				"CODE_SIGN_IDENTITY[sdk=iphoneos*]" = "iPhone Developer";
				COPY_PHASE_STRIP = NO;
				DEBUG_INFORMATION_FORMAT = dwarf;
				ENABLE_STRICT_OBJC_MSGSEND = YES;
				ENABLE_TESTABILITY = YES;
				GCC_C_LANGUAGE_STANDARD = gnu99;
				GCC_DYNAMIC_NO_PIC = NO;
				GCC_NO_COMMON_BLOCKS = YES;
				GCC_OPTIMIZATION_LEVEL = 0;
				GCC_PREPROCESSOR_DEFINITIONS = (
					"DEBUG=1",
					"$(inherited)",
				);
				GCC_WARN_64_TO_32_BIT_CONVERSION = YES;
				GCC_WARN_ABOUT_RETURN_TYPE = YES_ERROR;
				GCC_WARN_UNDECLARED_SELECTOR = YES;
				GCC_WARN_UNINITIALIZED_AUTOS = YES_AGGRESSIVE;
				GCC_WARN_UNUSED_FUNCTION = YES;
				GCC_WARN_UNUSED_VARIABLE = YES;
				IPHONEOS_DEPLOYMENT_TARGET = 10.3;
				MTL_ENABLE_DEBUG_INFO = YES;
				ONLY_ACTIVE_ARCH = YES;
				SDKROOT = iphoneos;
			};
			name = Debug;
		};
		1CC9B7AE1F54168B002EF833 /* Release */ = {
			isa = XCBuildConfiguration;
			buildSettings = {
				ALWAYS_SEARCH_USER_PATHS = NO;
				CLANG_ANALYZER_NONNULL = YES;
				CLANG_ANALYZER_NUMBER_OBJECT_CONVERSION = YES_AGGRESSIVE;
				CLANG_CXX_LANGUAGE_STANDARD = "gnu++0x";
				CLANG_CXX_LIBRARY = "libc++";
				CLANG_ENABLE_MODULES = YES;
				CLANG_ENABLE_OBJC_ARC = YES;
				CLANG_WARN_BOOL_CONVERSION = YES;
				CLANG_WARN_CONSTANT_CONVERSION = YES;
				CLANG_WARN_DIRECT_OBJC_ISA_USAGE = YES_ERROR;
				CLANG_WARN_DOCUMENTATION_COMMENTS = YES;
				CLANG_WARN_EMPTY_BODY = YES;
				CLANG_WARN_ENUM_CONVERSION = YES;
				CLANG_WARN_INFINITE_RECURSION = YES;
				CLANG_WARN_INT_CONVERSION = YES;
				CLANG_WARN_OBJC_ROOT_CLASS = YES_ERROR;
				CLANG_WARN_SUSPICIOUS_MOVE = YES;
				CLANG_WARN_UNREACHABLE_CODE = YES;
				CLANG_WARN__DUPLICATE_METHOD_MATCH = YES;
				"CODE_SIGN_IDENTITY[sdk=iphoneos*]" = "iPhone Developer";
				COPY_PHASE_STRIP = NO;
				DEBUG_INFORMATION_FORMAT = "dwarf-with-dsym";
				ENABLE_NS_ASSERTIONS = NO;
				ENABLE_STRICT_OBJC_MSGSEND = YES;
				GCC_C_LANGUAGE_STANDARD = gnu99;
				GCC_NO_COMMON_BLOCKS = YES;
				GCC_WARN_64_TO_32_BIT_CONVERSION = YES;
				GCC_WARN_ABOUT_RETURN_TYPE = YES_ERROR;
				GCC_WARN_UNDECLARED_SELECTOR = YES;
				GCC_WARN_UNINITIALIZED_AUTOS = YES_AGGRESSIVE;
				GCC_WARN_UNUSED_FUNCTION = YES;
				GCC_WARN_UNUSED_VARIABLE = YES;
				IPHONEOS_DEPLOYMENT_TARGET = 10.3;
				MTL_ENABLE_DEBUG_INFO = NO;
				SDKROOT = iphoneos;
				VALIDATE_PRODUCT = YES;
			};
			name = Release;
		};
		1CC9B7B01F54168B002EF833 /* Debug */ = {
			isa = XCBuildConfiguration;
			buildSettings = {
				DEVELOPMENT_TEAM = HUQV62VUN8;
				LIBRARY_SEARCH_PATHS = (
					"$(inherited)",
					"$(PROJECT_DIR)",
				);
				OTHER_LDFLAGS = "-ObjC";
				PRODUCT_NAME = "$(TARGET_NAME)";
				SKIP_INSTALL = YES;
			};
			name = Debug;
		};
		1CC9B7B11F54168B002EF833 /* Release */ = {
			isa = XCBuildConfiguration;
			buildSettings = {
				DEVELOPMENT_TEAM = HUQV62VUN8;
				LIBRARY_SEARCH_PATHS = (
					"$(inherited)",
					"$(PROJECT_DIR)",
				);
				OTHER_LDFLAGS = "-ObjC";
				PRODUCT_NAME = "$(TARGET_NAME)";
				SKIP_INSTALL = YES;
			};
			name = Release;
		};
/* End XCBuildConfiguration section */

/* Begin XCConfigurationList section */
		1CC9B7A11F54168B002EF833 /* Build configuration list for PBXProject "libassIOS" */ = {
			isa = XCConfigurationList;
			buildConfigurations = (
				1CC9B7AD1F54168B002EF833 /* Debug */,
				1CC9B7AE1F54168B002EF833 /* Release */,
			);
			defaultConfigurationIsVisible = 0;
			defaultConfigurationName = Release;
		};
		1CC9B7AF1F54168B002EF833 /* Build configuration list for PBXNativeTarget "libassIOS" */ = {
			isa = XCConfigurationList;
			buildConfigurations = (
				1CC9B7B01F54168B002EF833 /* Debug */,
				1CC9B7B11F54168B002EF833 /* Release */,
			);
			defaultConfigurationIsVisible = 0;
			defaultConfigurationName = Release;
		};
/* End XCConfigurationList section */
	};
	rootObject = 1CC9B79E1F54168B002EF833 /* Project object */;
}
