// !$*UTF8*$!
{
	archiveVersion = 1;
	classes = {
	};
	objectVersion = 46;
	objects = {

/* Begin PBXBuildFile section */
		1C7C4CE11F57ADCC005AA6B3 /* ftconfig.h in Headers */ = {isa = PBXBuildFile; fileRef = 1C7C4C831F57ADCC005AA6B3 /* ftconfig.h */; };
		1C7C4CE21F57ADCC005AA6B3 /* ftheader.h in Headers */ = {isa = PBXBuildFile; fileRef = 1C7C4C841F57ADCC005AA6B3 /* ftheader.h */; };
		1C7C4CE31F57ADCC005AA6B3 /* ftmodule.h in Headers */ = {isa = PBXBuildFile; fileRef = 1C7C4C851F57ADCC005AA6B3 /* ftmodule.h */; };
		1C7C4CE41F57ADCC005AA6B3 /* ftoption.h in Headers */ = {isa = PBXBuildFile; fileRef = 1C7C4C861F57ADCC005AA6B3 /* ftoption.h */; };
		1C7C4CE51F57ADCC005AA6B3 /* ftstdlib.h in Headers */ = {isa = PBXBuildFile; fileRef = 1C7C4C871F57ADCC005AA6B3 /* ftstdlib.h */; };
		1C7C4CE61F57ADCC005AA6B3 /* freetype.h in Headers */ = {isa = PBXBuildFile; fileRef = 1C7C4C881F57ADCC005AA6B3 /* freetype.h */; };
		1C7C4CE71F57ADCC005AA6B3 /* ftadvanc.h in Headers */ = {isa = PBXBuildFile; fileRef = 1C7C4C891F57ADCC005AA6B3 /* ftadvanc.h */; };
		1C7C4CE81F57ADCC005AA6B3 /* ftautoh.h in Headers */ = {isa = PBXBuildFile; fileRef = 1C7C4C8A1F57ADCC005AA6B3 /* ftautoh.h */; };
		1C7C4CE91F57ADCC005AA6B3 /* ftbbox.h in Headers */ = {isa = PBXBuildFile; fileRef = 1C7C4C8B1F57ADCC005AA6B3 /* ftbbox.h */; };
		1C7C4CEA1F57ADCC005AA6B3 /* ftbdf.h in Headers */ = {isa = PBXBuildFile; fileRef = 1C7C4C8C1F57ADCC005AA6B3 /* ftbdf.h */; };
		1C7C4CEB1F57ADCC005AA6B3 /* ftbitmap.h in Headers */ = {isa = PBXBuildFile; fileRef = 1C7C4C8D1F57ADCC005AA6B3 /* ftbitmap.h */; };
		1C7C4CEC1F57ADCC005AA6B3 /* ftbzip2.h in Headers */ = {isa = PBXBuildFile; fileRef = 1C7C4C8E1F57ADCC005AA6B3 /* ftbzip2.h */; };
		1C7C4CED1F57ADCC005AA6B3 /* ftcache.h in Headers */ = {isa = PBXBuildFile; fileRef = 1C7C4C8F1F57ADCC005AA6B3 /* ftcache.h */; };
		1C7C4CEE1F57ADCC005AA6B3 /* ftcffdrv.h in Headers */ = {isa = PBXBuildFile; fileRef = 1C7C4C901F57ADCC005AA6B3 /* ftcffdrv.h */; };
		1C7C4CEF1F57ADCC005AA6B3 /* ftchapters.h in Headers */ = {isa = PBXBuildFile; fileRef = 1C7C4C911F57ADCC005AA6B3 /* ftchapters.h */; };
		1C7C4CF01F57ADCC005AA6B3 /* ftcid.h in Headers */ = {isa = PBXBuildFile; fileRef = 1C7C4C921F57ADCC005AA6B3 /* ftcid.h */; };
		1C7C4CF11F57ADCC005AA6B3 /* fterrdef.h in Headers */ = {isa = PBXBuildFile; fileRef = 1C7C4C931F57ADCC005AA6B3 /* fterrdef.h */; };
		1C7C4CF21F57ADCC005AA6B3 /* fterrors.h in Headers */ = {isa = PBXBuildFile; fileRef = 1C7C4C941F57ADCC005AA6B3 /* fterrors.h */; };
		1C7C4CF31F57ADCC005AA6B3 /* ftfntfmt.h in Headers */ = {isa = PBXBuildFile; fileRef = 1C7C4C951F57ADCC005AA6B3 /* ftfntfmt.h */; };
		1C7C4CF41F57ADCC005AA6B3 /* ftgasp.h in Headers */ = {isa = PBXBuildFile; fileRef = 1C7C4C961F57ADCC005AA6B3 /* ftgasp.h */; };
		1C7C4CF51F57ADCC005AA6B3 /* ftglyph.h in Headers */ = {isa = PBXBuildFile; fileRef = 1C7C4C971F57ADCC005AA6B3 /* ftglyph.h */; };
		1C7C4CF61F57ADCC005AA6B3 /* ftgxval.h in Headers */ = {isa = PBXBuildFile; fileRef = 1C7C4C981F57ADCC005AA6B3 /* ftgxval.h */; };
		1C7C4CF71F57ADCC005AA6B3 /* ftgzip.h in Headers */ = {isa = PBXBuildFile; fileRef = 1C7C4C991F57ADCC005AA6B3 /* ftgzip.h */; };
		1C7C4CF81F57ADCC005AA6B3 /* ftimage.h in Headers */ = {isa = PBXBuildFile; fileRef = 1C7C4C9A1F57ADCC005AA6B3 /* ftimage.h */; };
		1C7C4CF91F57ADCC005AA6B3 /* ftincrem.h in Headers */ = {isa = PBXBuildFile; fileRef = 1C7C4C9B1F57ADCC005AA6B3 /* ftincrem.h */; };
		1C7C4CFA1F57ADCC005AA6B3 /* ftlcdfil.h in Headers */ = {isa = PBXBuildFile; fileRef = 1C7C4C9C1F57ADCC005AA6B3 /* ftlcdfil.h */; };
		1C7C4CFB1F57ADCC005AA6B3 /* ftlist.h in Headers */ = {isa = PBXBuildFile; fileRef = 1C7C4C9D1F57ADCC005AA6B3 /* ftlist.h */; };
		1C7C4CFC1F57ADCC005AA6B3 /* ftlzw.h in Headers */ = {isa = PBXBuildFile; fileRef = 1C7C4C9E1F57ADCC005AA6B3 /* ftlzw.h */; };
		1C7C4CFD1F57ADCC005AA6B3 /* ftmac.h in Headers */ = {isa = PBXBuildFile; fileRef = 1C7C4C9F1F57ADCC005AA6B3 /* ftmac.h */; };
		1C7C4CFE1F57ADCC005AA6B3 /* ftmm.h in Headers */ = {isa = PBXBuildFile; fileRef = 1C7C4CA01F57ADCC005AA6B3 /* ftmm.h */; };
		1C7C4CFF1F57ADCC005AA6B3 /* ftmodapi.h in Headers */ = {isa = PBXBuildFile; fileRef = 1C7C4CA11F57ADCC005AA6B3 /* ftmodapi.h */; };
		1C7C4D001F57ADCC005AA6B3 /* ftmoderr.h in Headers */ = {isa = PBXBuildFile; fileRef = 1C7C4CA21F57ADCC005AA6B3 /* ftmoderr.h */; };
		1C7C4D011F57ADCC005AA6B3 /* ftotval.h in Headers */ = {isa = PBXBuildFile; fileRef = 1C7C4CA31F57ADCC005AA6B3 /* ftotval.h */; };
		1C7C4D021F57ADCC005AA6B3 /* ftoutln.h in Headers */ = {isa = PBXBuildFile; fileRef = 1C7C4CA41F57ADCC005AA6B3 /* ftoutln.h */; };
		1C7C4D031F57ADCC005AA6B3 /* ftpcfdrv.h in Headers */ = {isa = PBXBuildFile; fileRef = 1C7C4CA51F57ADCC005AA6B3 /* ftpcfdrv.h */; };
		1C7C4D041F57ADCC005AA6B3 /* ftpfr.h in Headers */ = {isa = PBXBuildFile; fileRef = 1C7C4CA61F57ADCC005AA6B3 /* ftpfr.h */; };
		1C7C4D051F57ADCC005AA6B3 /* ftrender.h in Headers */ = {isa = PBXBuildFile; fileRef = 1C7C4CA71F57ADCC005AA6B3 /* ftrender.h */; };
		1C7C4D061F57ADCC005AA6B3 /* ftsizes.h in Headers */ = {isa = PBXBuildFile; fileRef = 1C7C4CA81F57ADCC005AA6B3 /* ftsizes.h */; };
		1C7C4D071F57ADCC005AA6B3 /* ftsnames.h in Headers */ = {isa = PBXBuildFile; fileRef = 1C7C4CA91F57ADCC005AA6B3 /* ftsnames.h */; };
		1C7C4D081F57ADCC005AA6B3 /* ftstroke.h in Headers */ = {isa = PBXBuildFile; fileRef = 1C7C4CAA1F57ADCC005AA6B3 /* ftstroke.h */; };
		1C7C4D091F57ADCC005AA6B3 /* ftsynth.h in Headers */ = {isa = PBXBuildFile; fileRef = 1C7C4CAB1F57ADCC005AA6B3 /* ftsynth.h */; };
		1C7C4D0A1F57ADCC005AA6B3 /* ftsystem.h in Headers */ = {isa = PBXBuildFile; fileRef = 1C7C4CAC1F57ADCC005AA6B3 /* ftsystem.h */; };
		1C7C4D0B1F57ADCC005AA6B3 /* fttrigon.h in Headers */ = {isa = PBXBuildFile; fileRef = 1C7C4CAD1F57ADCC005AA6B3 /* fttrigon.h */; };
		1C7C4D0C1F57ADCC005AA6B3 /* ftttdrv.h in Headers */ = {isa = PBXBuildFile; fileRef = 1C7C4CAE1F57ADCC005AA6B3 /* ftttdrv.h */; };
		1C7C4D0D1F57ADCC005AA6B3 /* fttypes.h in Headers */ = {isa = PBXBuildFile; fileRef = 1C7C4CAF1F57ADCC005AA6B3 /* fttypes.h */; };
		1C7C4D0E1F57ADCC005AA6B3 /* ftwinfnt.h in Headers */ = {isa = PBXBuildFile; fileRef = 1C7C4CB01F57ADCC005AA6B3 /* ftwinfnt.h */; };
		1C7C4D0F1F57ADCC005AA6B3 /* autohint.h in Headers */ = {isa = PBXBuildFile; fileRef = 1C7C4CB21F57ADCC005AA6B3 /* autohint.h */; };
		1C7C4D101F57ADCC005AA6B3 /* ftcalc.h in Headers */ = {isa = PBXBuildFile; fileRef = 1C7C4CB31F57ADCC005AA6B3 /* ftcalc.h */; };
		1C7C4D111F57ADCC005AA6B3 /* ftdebug.h in Headers */ = {isa = PBXBuildFile; fileRef = 1C7C4CB41F57ADCC005AA6B3 /* ftdebug.h */; };
		1C7C4D121F57ADCC005AA6B3 /* ftdriver.h in Headers */ = {isa = PBXBuildFile; fileRef = 1C7C4CB51F57ADCC005AA6B3 /* ftdriver.h */; };
		1C7C4D131F57ADCC005AA6B3 /* ftgloadr.h in Headers */ = {isa = PBXBuildFile; fileRef = 1C7C4CB61F57ADCC005AA6B3 /* ftgloadr.h */; };
		1C7C4D141F57ADCC005AA6B3 /* fthash.h in Headers */ = {isa = PBXBuildFile; fileRef = 1C7C4CB71F57ADCC005AA6B3 /* fthash.h */; };
		1C7C4D151F57ADCC005AA6B3 /* ftmemory.h in Headers */ = {isa = PBXBuildFile; fileRef = 1C7C4CB81F57ADCC005AA6B3 /* ftmemory.h */; };
		1C7C4D161F57ADCC005AA6B3 /* ftobjs.h in Headers */ = {isa = PBXBuildFile; fileRef = 1C7C4CB91F57ADCC005AA6B3 /* ftobjs.h */; };
		1C7C4D171F57ADCC005AA6B3 /* ftpic.h in Headers */ = {isa = PBXBuildFile; fileRef = 1C7C4CBA1F57ADCC005AA6B3 /* ftpic.h */; };
		1C7C4D181F57ADCC005AA6B3 /* ftrfork.h in Headers */ = {isa = PBXBuildFile; fileRef = 1C7C4CBB1F57ADCC005AA6B3 /* ftrfork.h */; };
		1C7C4D191F57ADCC005AA6B3 /* ftserv.h in Headers */ = {isa = PBXBuildFile; fileRef = 1C7C4CBC1F57ADCC005AA6B3 /* ftserv.h */; };
		1C7C4D1A1F57ADCC005AA6B3 /* ftstream.h in Headers */ = {isa = PBXBuildFile; fileRef = 1C7C4CBD1F57ADCC005AA6B3 /* ftstream.h */; };
		1C7C4D1B1F57ADCC005AA6B3 /* fttrace.h in Headers */ = {isa = PBXBuildFile; fileRef = 1C7C4CBE1F57ADCC005AA6B3 /* fttrace.h */; };
		1C7C4D1C1F57ADCC005AA6B3 /* ftvalid.h in Headers */ = {isa = PBXBuildFile; fileRef = 1C7C4CBF1F57ADCC005AA6B3 /* ftvalid.h */; };
		1C7C4D1D1F57ADCC005AA6B3 /* internal.h in Headers */ = {isa = PBXBuildFile; fileRef = 1C7C4CC01F57ADCC005AA6B3 /* internal.h */; };
		1C7C4D1E1F57ADCC005AA6B3 /* psaux.h in Headers */ = {isa = PBXBuildFile; fileRef = 1C7C4CC11F57ADCC005AA6B3 /* psaux.h */; };
		1C7C4D1F1F57ADCC005AA6B3 /* pshints.h in Headers */ = {isa = PBXBuildFile; fileRef = 1C7C4CC21F57ADCC005AA6B3 /* pshints.h */; };
		1C7C4D201F57ADCC005AA6B3 /* svbdf.h in Headers */ = {isa = PBXBuildFile; fileRef = 1C7C4CC41F57ADCC005AA6B3 /* svbdf.h */; };
		1C7C4D211F57ADCC005AA6B3 /* svcid.h in Headers */ = {isa = PBXBuildFile; fileRef = 1C7C4CC51F57ADCC005AA6B3 /* svcid.h */; };
		1C7C4D221F57ADCC005AA6B3 /* svfntfmt.h in Headers */ = {isa = PBXBuildFile; fileRef = 1C7C4CC61F57ADCC005AA6B3 /* svfntfmt.h */; };
		1C7C4D231F57ADCC005AA6B3 /* svgldict.h in Headers */ = {isa = PBXBuildFile; fileRef = 1C7C4CC71F57ADCC005AA6B3 /* svgldict.h */; };
		1C7C4D241F57ADCC005AA6B3 /* svgxval.h in Headers */ = {isa = PBXBuildFile; fileRef = 1C7C4CC81F57ADCC005AA6B3 /* svgxval.h */; };
		1C7C4D251F57ADCC005AA6B3 /* svkern.h in Headers */ = {isa = PBXBuildFile; fileRef = 1C7C4CC91F57ADCC005AA6B3 /* svkern.h */; };
		1C7C4D261F57ADCC005AA6B3 /* svmetric.h in Headers */ = {isa = PBXBuildFile; fileRef = 1C7C4CCA1F57ADCC005AA6B3 /* svmetric.h */; };
		1C7C4D271F57ADCC005AA6B3 /* svmm.h in Headers */ = {isa = PBXBuildFile; fileRef = 1C7C4CCB1F57ADCC005AA6B3 /* svmm.h */; };
		1C7C4D281F57ADCC005AA6B3 /* svotval.h in Headers */ = {isa = PBXBuildFile; fileRef = 1C7C4CCC1F57ADCC005AA6B3 /* svotval.h */; };
		1C7C4D291F57ADCC005AA6B3 /* svpfr.h in Headers */ = {isa = PBXBuildFile; fileRef = 1C7C4CCD1F57ADCC005AA6B3 /* svpfr.h */; };
		1C7C4D2A1F57ADCC005AA6B3 /* svpostnm.h in Headers */ = {isa = PBXBuildFile; fileRef = 1C7C4CCE1F57ADCC005AA6B3 /* svpostnm.h */; };
		1C7C4D2B1F57ADCC005AA6B3 /* svprop.h in Headers */ = {isa = PBXBuildFile; fileRef = 1C7C4CCF1F57ADCC005AA6B3 /* svprop.h */; };
		1C7C4D2C1F57ADCC005AA6B3 /* svpscmap.h in Headers */ = {isa = PBXBuildFile; fileRef = 1C7C4CD01F57ADCC005AA6B3 /* svpscmap.h */; };
		1C7C4D2D1F57ADCC005AA6B3 /* svpsinfo.h in Headers */ = {isa = PBXBuildFile; fileRef = 1C7C4CD11F57ADCC005AA6B3 /* svpsinfo.h */; };
		1C7C4D2E1F57ADCC005AA6B3 /* svsfnt.h in Headers */ = {isa = PBXBuildFile; fileRef = 1C7C4CD21F57ADCC005AA6B3 /* svsfnt.h */; };
		1C7C4D2F1F57ADCC005AA6B3 /* svttcmap.h in Headers */ = {isa = PBXBuildFile; fileRef = 1C7C4CD31F57ADCC005AA6B3 /* svttcmap.h */; };
		1C7C4D301F57ADCC005AA6B3 /* svtteng.h in Headers */ = {isa = PBXBuildFile; fileRef = 1C7C4CD41F57ADCC005AA6B3 /* svtteng.h */; };
		1C7C4D311F57ADCC005AA6B3 /* svttglyf.h in Headers */ = {isa = PBXBuildFile; fileRef = 1C7C4CD51F57ADCC005AA6B3 /* svttglyf.h */; };
		1C7C4D321F57ADCC005AA6B3 /* svwinfnt.h in Headers */ = {isa = PBXBuildFile; fileRef = 1C7C4CD61F57ADCC005AA6B3 /* svwinfnt.h */; };
		1C7C4D331F57ADCC005AA6B3 /* sfnt.h in Headers */ = {isa = PBXBuildFile; fileRef = 1C7C4CD71F57ADCC005AA6B3 /* sfnt.h */; };
		1C7C4D341F57ADCC005AA6B3 /* t1types.h in Headers */ = {isa = PBXBuildFile; fileRef = 1C7C4CD81F57ADCC005AA6B3 /* t1types.h */; };
		1C7C4D351F57ADCC005AA6B3 /* tttypes.h in Headers */ = {isa = PBXBuildFile; fileRef = 1C7C4CD91F57ADCC005AA6B3 /* tttypes.h */; };
		1C7C4D361F57ADCC005AA6B3 /* t1tables.h in Headers */ = {isa = PBXBuildFile; fileRef = 1C7C4CDA1F57ADCC005AA6B3 /* t1tables.h */; };
		1C7C4D371F57ADCC005AA6B3 /* ttnameid.h in Headers */ = {isa = PBXBuildFile; fileRef = 1C7C4CDB1F57ADCC005AA6B3 /* ttnameid.h */; };
		1C7C4D381F57ADCC005AA6B3 /* tttables.h in Headers */ = {isa = PBXBuildFile; fileRef = 1C7C4CDC1F57ADCC005AA6B3 /* tttables.h */; };
		1C7C4D391F57ADCC005AA6B3 /* tttags.h in Headers */ = {isa = PBXBuildFile; fileRef = 1C7C4CDD1F57ADCC005AA6B3 /* tttags.h */; };
		1C7C4D3A1F57ADCC005AA6B3 /* ttunpat.h in Headers */ = {isa = PBXBuildFile; fileRef = 1C7C4CDE1F57ADCC005AA6B3 /* ttunpat.h */; };
		1C7C4D3B1F57ADCC005AA6B3 /* ft2build.h in Headers */ = {isa = PBXBuildFile; fileRef = 1C7C4CDF1F57ADCC005AA6B3 /* ft2build.h */; };
		1C7C4D3C1F57ADCC005AA6B3 /* libfreetype.a in Frameworks */ = {isa = PBXBuildFile; fileRef = 1C7C4CE01F57ADCC005AA6B3 /* libfreetype.a */; };
		1CC579141F5433F5000A4B82 /* ass.c in Sources */ = {isa = PBXBuildFile; fileRef = 1CC9B7F31F5416FA002EF833 /* ass.c */; };
		1CC579151F5433F5000A4B82 /* ass_bitmap.c in Sources */ = {isa = PBXBuildFile; fileRef = 1CC9B7F51F5416FA002EF833 /* ass_bitmap.c */; };
		1CC579161F5433F5000A4B82 /* ass_blur.c in Sources */ = {isa = PBXBuildFile; fileRef = 1CC9B7F71F5416FA002EF833 /* ass_blur.c */; };
		1CC579171F5433F5000A4B82 /* ass_cache.c in Sources */ = {isa = PBXBuildFile; fileRef = 1CC9B7F81F5416FA002EF833 /* ass_cache.c */; };
		1CC579181F5433F5000A4B82 /* ass_coretext.c in Sources */ = {isa = PBXBuildFile; fileRef = 1CC9B7FC1F5416FA002EF833 /* ass_coretext.c */; };
		1CC5791A1F5433F5000A4B82 /* ass_drawing.c in Sources */ = {isa = PBXBuildFile; fileRef = 1CC9B8001F5416FA002EF833 /* ass_drawing.c */; };
		1CC5791B1F5433F5000A4B82 /* ass_font.c in Sources */ = {isa = PBXBuildFile; fileRef = 1CC9B8021F5416FA002EF833 /* ass_font.c */; };
		1CC5791C1F5433F5000A4B82 /* ass_fontconfig.c in Sources */ = {isa = PBXBuildFile; fileRef = 1CC9B8041F5416FA002EF833 /* ass_fontconfig.c */; };
		1CC5791D1F5433F5000A4B82 /* ass_fontselect.c in Sources */ = {isa = PBXBuildFile; fileRef = 1CC9B8061F5416FA002EF833 /* ass_fontselect.c */; };
		1CC5791E1F5433F5000A4B82 /* ass_library.c in Sources */ = {isa = PBXBuildFile; fileRef = 1CC9B8091F5416FA002EF833 /* ass_library.c */; };
		1CC5791F1F5433F5000A4B82 /* ass_outline.c in Sources */ = {isa = PBXBuildFile; fileRef = 1CC9B80B1F5416FA002EF833 /* ass_outline.c */; };
		1CC579201F5433F5000A4B82 /* ass_parse.c in Sources */ = {isa = PBXBuildFile; fileRef = 1CC9B80D1F5416FA002EF833 /* ass_parse.c */; };
		1CC579211F5433F5000A4B82 /* ass_rasterizer.c in Sources */ = {isa = PBXBuildFile; fileRef = 1CC9B80F1F5416FA002EF833 /* ass_rasterizer.c */; };
		1CC579221F5433F5000A4B82 /* ass_rasterizer_c.c in Sources */ = {isa = PBXBuildFile; fileRef = 1CC9B8111F5416FA002EF833 /* ass_rasterizer_c.c */; };
		1CC579231F5433F5000A4B82 /* ass_render.c in Sources */ = {isa = PBXBuildFile; fileRef = 1CC9B8121F5416FA002EF833 /* ass_render.c */; };
		1CC579241F5433F5000A4B82 /* ass_render_api.c in Sources */ = {isa = PBXBuildFile; fileRef = 1CC9B8141F5416FA002EF833 /* ass_render_api.c */; };
		1CC579251F5433F5000A4B82 /* ass_shaper.c in Sources */ = {isa = PBXBuildFile; fileRef = 1CC9B8151F5416FA002EF833 /* ass_shaper.c */; };
		1CC579261F5433F5000A4B82 /* ass_string.c in Sources */ = {isa = PBXBuildFile; fileRef = 1CC9B8171F5416FA002EF833 /* ass_string.c */; };
		1CC579271F5433F5000A4B82 /* ass_strtod.c in Sources */ = {isa = PBXBuildFile; fileRef = 1CC9B8191F5416FA002EF833 /* ass_strtod.c */; };
		1CC579281F5433F5000A4B82 /* ass_utils.c in Sources */ = {isa = PBXBuildFile; fileRef = 1CC9B81B1F5416FA002EF833 /* ass_utils.c */; };
		1CC9B7AB1F54168B002EF833 /* libassIOS.m in Sources */ = {isa = PBXBuildFile; fileRef = 1CC9B7AA1F54168B002EF833 /* libassIOS.m */; };
		1CFBB8FD1F554393007F458F /* Foundation.framework in Frameworks */ = {isa = PBXBuildFile; fileRef = 1CFBB8FC1F554393007F458F /* Foundation.framework */; };
		1CFBB9731F5547FB007F458F /* ass.h in Headers */ = {isa = PBXBuildFile; fileRef = 1CC9B7F41F5416FA002EF833 /* ass.h */; };
		1CFBB9741F5547FB007F458F /* ass_bitmap.h in Headers */ = {isa = PBXBuildFile; fileRef = 1CC9B7F61F5416FA002EF833 /* ass_bitmap.h */; };
		1CFBB9751F5547FB007F458F /* ass_cache.h in Headers */ = {isa = PBXBuildFile; fileRef = 1CC9B7F91F5416FA002EF833 /* ass_cache.h */; };
		1CFBB9761F5547FB007F458F /* ass_cache_template.h in Headers */ = {isa = PBXBuildFile; fileRef = 1CC9B7FA1F5416FA002EF833 /* ass_cache_template.h */; };
		1CFBB9771F5547FB007F458F /* ass_compat.h in Headers */ = {isa = PBXBuildFile; fileRef = 1CC9B7FB1F5416FA002EF833 /* ass_compat.h */; };
		1CFBB9781F5547FB007F458F /* ass_coretext.h in Headers */ = {isa = PBXBuildFile; fileRef = 1CC9B7FD1F5416FA002EF833 /* ass_coretext.h */; };
		1CFBB9791F5547FB007F458F /* ass_drawing.h in Headers */ = {isa = PBXBuildFile; fileRef = 1CC9B8011F5416FA002EF833 /* ass_drawing.h */; };
		1CFBB97A1F5547FB007F458F /* ass_font.h in Headers */ = {isa = PBXBuildFile; fileRef = 1CC9B8031F5416FA002EF833 /* ass_font.h */; };
		1CFBB97B1F5547FB007F458F /* ass_fontconfig.h in Headers */ = {isa = PBXBuildFile; fileRef = 1CC9B8051F5416FA002EF833 /* ass_fontconfig.h */; };
		1CFBB97C1F5547FB007F458F /* ass_fontselect.h in Headers */ = {isa = PBXBuildFile; fileRef = 1CC9B8071F5416FA002EF833 /* ass_fontselect.h */; };
		1CFBB97D1F5547FB007F458F /* ass_func_template.h in Headers */ = {isa = PBXBuildFile; fileRef = 1CC9B8081F5416FA002EF833 /* ass_func_template.h */; };
		1CFBB97E1F5547FB007F458F /* ass_library.h in Headers */ = {isa = PBXBuildFile; fileRef = 1CC9B80A1F5416FA002EF833 /* ass_library.h */; };
		1CFBB97F1F5547FB007F458F /* ass_outline.h in Headers */ = {isa = PBXBuildFile; fileRef = 1CC9B80C1F5416FA002EF833 /* ass_outline.h */; };
		1CFBB9801F5547FB007F458F /* ass_parse.h in Headers */ = {isa = PBXBuildFile; fileRef = 1CC9B80E1F5416FA002EF833 /* ass_parse.h */; };
		1CFBB9811F5547FB007F458F /* ass_rasterizer.h in Headers */ = {isa = PBXBuildFile; fileRef = 1CC9B8101F5416FA002EF833 /* ass_rasterizer.h */; };
		1CFBB9821F5547FB007F458F /* ass_render.h in Headers */ = {isa = PBXBuildFile; fileRef = 1CC9B8131F5416FA002EF833 /* ass_render.h */; };
		1CFBB9831F5547FB007F458F /* ass_shaper.h in Headers */ = {isa = PBXBuildFile; fileRef = 1CC9B8161F5416FA002EF833 /* ass_shaper.h */; };
		1CFBB9841F5547FB007F458F /* ass_string.h in Headers */ = {isa = PBXBuildFile; fileRef = 1CC9B8181F5416FA002EF833 /* ass_string.h */; };
		1CFBB9851F5547FB007F458F /* ass_types.h in Headers */ = {isa = PBXBuildFile; fileRef = 1CC9B81A1F5416FA002EF833 /* ass_types.h */; };
		1CFBB9861F5547FB007F458F /* ass_utils.h in Headers */ = {isa = PBXBuildFile; fileRef = 1CC9B81C1F5416FA002EF833 /* ass_utils.h */; };
		1CFBB9871F5547FB007F458F /* dwrite_c.h in Headers */ = {isa = PBXBuildFile; fileRef = 1CC9B81D1F5416FA002EF833 /* dwrite_c.h */; };
		1CFBBB701F55538C007F458F /* ass.h in CopyFiles */ = {isa = PBXBuildFile; fileRef = 1CC9B7F41F5416FA002EF833 /* ass.h */; };
		1CFBBB711F55538C007F458F /* ass_bitmap.h in CopyFiles */ = {isa = PBXBuildFile; fileRef = 1CC9B7F61F5416FA002EF833 /* ass_bitmap.h */; };
		1CFBBB721F55538C007F458F /* ass_cache.h in CopyFiles */ = {isa = PBXBuildFile; fileRef = 1CC9B7F91F5416FA002EF833 /* ass_cache.h */; };
		1CFBBB731F55538C007F458F /* ass_cache_template.h in CopyFiles */ = {isa = PBXBuildFile; fileRef = 1CC9B7FA1F5416FA002EF833 /* ass_cache_template.h */; };
		1CFBBB741F55538C007F458F /* ass_compat.h in CopyFiles */ = {isa = PBXBuildFile; fileRef = 1CC9B7FB1F5416FA002EF833 /* ass_compat.h */; };
		1CFBBB751F55538C007F458F /* ass_coretext.h in CopyFiles */ = {isa = PBXBuildFile; fileRef = 1CC9B7FD1F5416FA002EF833 /* ass_coretext.h */; };
		1CFBBB761F55538C007F458F /* ass_drawing.h in CopyFiles */ = {isa = PBXBuildFile; fileRef = 1CC9B8011F5416FA002EF833 /* ass_drawing.h */; };
		1CFBBB771F55538C007F458F /* ass_font.h in CopyFiles */ = {isa = PBXBuildFile; fileRef = 1CC9B8031F5416FA002EF833 /* ass_font.h */; };
		1CFBBB781F55538C007F458F /* ass_fontconfig.h in CopyFiles */ = {isa = PBXBuildFile; fileRef = 1CC9B8051F5416FA002EF833 /* ass_fontconfig.h */; };
		1CFBBB791F55538C007F458F /* ass_fontselect.h in CopyFiles */ = {isa = PBXBuildFile; fileRef = 1CC9B8071F5416FA002EF833 /* ass_fontselect.h */; };
		1CFBBB7A1F55538C007F458F /* ass_func_template.h in CopyFiles */ = {isa = PBXBuildFile; fileRef = 1CC9B8081F5416FA002EF833 /* ass_func_template.h */; };
		1CFBBB7B1F55538C007F458F /* ass_library.h in CopyFiles */ = {isa = PBXBuildFile; fileRef = 1CC9B80A1F5416FA002EF833 /* ass_library.h */; };
		1CFBBB7C1F55538C007F458F /* ass_outline.h in CopyFiles */ = {isa = PBXBuildFile; fileRef = 1CC9B80C1F5416FA002EF833 /* ass_outline.h */; };
		1CFBBB7D1F55538C007F458F /* ass_parse.h in CopyFiles */ = {isa = PBXBuildFile; fileRef = 1CC9B80E1F5416FA002EF833 /* ass_parse.h */; };
		1CFBBB7E1F55538C007F458F /* ass_rasterizer.h in CopyFiles */ = {isa = PBXBuildFile; fileRef = 1CC9B8101F5416FA002EF833 /* ass_rasterizer.h */; };
		1CFBBB7F1F55538C007F458F /* ass_render.h in CopyFiles */ = {isa = PBXBuildFile; fileRef = 1CC9B8131F5416FA002EF833 /* ass_render.h */; };
		1CFBBB801F55538C007F458F /* ass_shaper.h in CopyFiles */ = {isa = PBXBuildFile; fileRef = 1CC9B8161F5416FA002EF833 /* ass_shaper.h */; };
		1CFBBB811F55538C007F458F /* ass_string.h in CopyFiles */ = {isa = PBXBuildFile; fileRef = 1CC9B8181F5416FA002EF833 /* ass_string.h */; };
		1CFBBB821F55538C007F458F /* ass_types.h in CopyFiles */ = {isa = PBXBuildFile; fileRef = 1CC9B81A1F5416FA002EF833 /* ass_types.h */; };
		1CFBBB831F55538C007F458F /* ass_utils.h in CopyFiles */ = {isa = PBXBuildFile; fileRef = 1CC9B81C1F5416FA002EF833 /* ass_utils.h */; };
		1CFBBB841F5555BD007F458F /* fribidi-char-sets-cap-rtl.c in Sources */ = {isa = PBXBuildFile; fileRef = 1CFBBB341F554F83007F458F /* fribidi-char-sets-cap-rtl.c */; };
		1CFBBB851F5555BD007F458F /* fribidi-char-sets-cap-rtl.h in Headers */ = {isa = PBXBuildFile; fileRef = 1CFBBB351F554F83007F458F /* fribidi-char-sets-cap-rtl.h */; };
		1CFBBB861F5555BD007F458F /* fribidi-char-sets-cp1255.c in Sources */ = {isa = PBXBuildFile; fileRef = 1CFBBB361F554F83007F458F /* fribidi-char-sets-cp1255.c */; };
		1CFBBB871F5555BD007F458F /* fribidi-char-sets-cp1255.h in Headers */ = {isa = PBXBuildFile; fileRef = 1CFBBB371F554F83007F458F /* fribidi-char-sets-cp1255.h */; };
		1CFBBB881F5555BD007F458F /* fribidi-char-sets-cp1256.c in Sources */ = {isa = PBXBuildFile; fileRef = 1CFBBB381F554F83007F458F /* fribidi-char-sets-cp1256.c */; };
		1CFBBB891F5555BD007F458F /* fribidi-char-sets-cp1256.h in Headers */ = {isa = PBXBuildFile; fileRef = 1CFBBB391F554F83007F458F /* fribidi-char-sets-cp1256.h */; };
		1CFBBB8A1F5555BD007F458F /* fribidi-char-sets-iso8859-6.c in Sources */ = {isa = PBXBuildFile; fileRef = 1CFBBB3A1F554F83007F458F /* fribidi-char-sets-iso8859-6.c */; };
		1CFBBB8B1F5555BD007F458F /* fribidi-char-sets-iso8859-6.h in Headers */ = {isa = PBXBuildFile; fileRef = 1CFBBB3B1F554F83007F458F /* fribidi-char-sets-iso8859-6.h */; };
		1CFBBB8C1F5555BD007F458F /* fribidi-char-sets-iso8859-8.c in Sources */ = {isa = PBXBuildFile; fileRef = 1CFBBB3C1F554F83007F458F /* fribidi-char-sets-iso8859-8.c */; };
		1CFBBB8D1F5555BD007F458F /* fribidi-char-sets-iso8859-8.h in Headers */ = {isa = PBXBuildFile; fileRef = 1CFBBB3D1F554F83007F458F /* fribidi-char-sets-iso8859-8.h */; };
		1CFBBB8E1F5555BD007F458F /* fribidi-char-sets-list.h in Headers */ = {isa = PBXBuildFile; fileRef = 1CFBBB3E1F554F83007F458F /* fribidi-char-sets-list.h */; };
		1CFBBB8F1F5555BD007F458F /* fribidi-char-sets-utf8.c in Sources */ = {isa = PBXBuildFile; fileRef = 1CFBBB3F1F554F83007F458F /* fribidi-char-sets-utf8.c */; };
		1CFBBB901F5555BD007F458F /* fribidi-char-sets-utf8.h in Headers */ = {isa = PBXBuildFile; fileRef = 1CFBBB401F554F83007F458F /* fribidi-char-sets-utf8.h */; };
		1CFBBB911F5555BD007F458F /* fribidi-char-sets.c in Sources */ = {isa = PBXBuildFile; fileRef = 1CFBBB411F554F83007F458F /* fribidi-char-sets.c */; };
		1CFBBB921F5555BD007F458F /* fribidi-char-sets.h in Headers */ = {isa = PBXBuildFile; fileRef = 1CFBBB421F554F83007F458F /* fribidi-char-sets.h */; };
		1CFBBB931F5555C9007F458F /* bidi-types.h in Headers */ = {isa = PBXBuildFile; fileRef = 1CFBBB471F554F83007F458F /* bidi-types.h */; };
		1CFBBB941F5555FE007F458F /* fribidi-arabic.h in Headers */ = {isa = PBXBuildFile; fileRef = 1CFBBB4B1F554F83007F458F /* fribidi-arabic.h */; };
		1CFBBB951F5555FE007F458F /* fribidi-begindecls.h in Headers */ = {isa = PBXBuildFile; fileRef = 1CFBBB4C1F554F83007F458F /* fribidi-begindecls.h */; };
		1CFBBB961F5555FE007F458F /* fribidi-bidi-types-list.h in Headers */ = {isa = PBXBuildFile; fileRef = 1CFBBB4D1F554F83007F458F /* fribidi-bidi-types-list.h */; };
		1CFBBB971F5555FE007F458F /* fribidi-bidi-types.c in Sources */ = {isa = PBXBuildFile; fileRef = 1CFBBB4E1F554F83007F458F /* fribidi-bidi-types.c */; };
		1CFBBB981F5555FE007F458F /* fribidi-bidi-types.h in Headers */ = {isa = PBXBuildFile; fileRef = 1CFBBB4F1F554F83007F458F /* fribidi-bidi-types.h */; };
		1CFBBB991F5555FE007F458F /* fribidi-bidi.c in Sources */ = {isa = PBXBuildFile; fileRef = 1CFBBB501F554F83007F458F /* fribidi-bidi.c */; };
		1CFBBB9A1F5555FE007F458F /* fribidi-bidi.h in Headers */ = {isa = PBXBuildFile; fileRef = 1CFBBB511F554F83007F458F /* fribidi-bidi.h */; };
		1CFBBB9B1F5555FE007F458F /* fribidi-common.h in Headers */ = {isa = PBXBuildFile; fileRef = 1CFBBB521F554F83007F458F /* fribidi-common.h */; };
		1CFBBB9C1F5555FE007F458F /* fribidi-config.h in Headers */ = {isa = PBXBuildFile; fileRef = 1CFBBB531F554F83007F458F /* fribidi-config.h */; };
		1CFBBB9D1F5555FE007F458F /* fribidi-deprecated.c in Sources */ = {isa = PBXBuildFile; fileRef = 1CFBBB541F554F83007F458F /* fribidi-deprecated.c */; };
		1CFBBB9E1F5555FE007F458F /* fribidi-deprecated.h in Headers */ = {isa = PBXBuildFile; fileRef = 1CFBBB551F554F83007F458F /* fribidi-deprecated.h */; };
		1CFBBB9F1F5555FE007F458F /* fribidi-enddecls.h in Headers */ = {isa = PBXBuildFile; fileRef = 1CFBBB561F554F83007F458F /* fribidi-enddecls.h */; };
		1CFBBBA01F5555FE007F458F /* fribidi-flags.h in Headers */ = {isa = PBXBuildFile; fileRef = 1CFBBB571F554F83007F458F /* fribidi-flags.h */; };
		1CFBBBA11F5555FE007F458F /* fribidi-joining-types-list.h in Headers */ = {isa = PBXBuildFile; fileRef = 1CFBBB581F554F83007F458F /* fribidi-joining-types-list.h */; };
		1CFBBBA21F555602007F458F /* fribidi-arabic.c in Sources */ = {isa = PBXBuildFile; fileRef = 1CFBBB4A1F554F83007F458F /* fribidi-arabic.c */; };
		1CFBBBA31F555606007F458F /* common.h in Headers */ = {isa = PBXBuildFile; fileRef = 1CFBBB481F554F83007F458F /* common.h */; };
		1CFBBBA41F555606007F458F /* debug.h in Headers */ = {isa = PBXBuildFile; fileRef = 1CFBBB491F554F83007F458F /* debug.h */; };
		1CFBBBA81F55561C007F458F /* fribidi-joining-types.h in Headers */ = {isa = PBXBuildFile; fileRef = 1CFBBB5A1F554F83007F458F /* fribidi-joining-types.h */; };
		1CFBBBA91F55561C007F458F /* fribidi-joining.c in Sources */ = {isa = PBXBuildFile; fileRef = 1CFBBB5B1F554F83007F458F /* fribidi-joining.c */; };
		1CFBBBAA1F55561C007F458F /* fribidi-joining.h in Headers */ = {isa = PBXBuildFile; fileRef = 1CFBBB5C1F554F83007F458F /* fribidi-joining.h */; };
		1CFBBBAB1F55561C007F458F /* fribidi-mem.c in Sources */ = {isa = PBXBuildFile; fileRef = 1CFBBB5D1F554F83007F458F /* fribidi-mem.c */; };
		1CFBBBAC1F55561C007F458F /* fribidi-mirroring.c in Sources */ = {isa = PBXBuildFile; fileRef = 1CFBBB5E1F554F83007F458F /* fribidi-mirroring.c */; };
		1CFBBBAD1F55561C007F458F /* fribidi-mirroring.h in Headers */ = {isa = PBXBuildFile; fileRef = 1CFBBB5F1F554F83007F458F /* fribidi-mirroring.h */; };
		1CFBBBAE1F55561F007F458F /* fribidi-joining-types.c in Sources */ = {isa = PBXBuildFile; fileRef = 1CFBBB591F554F83007F458F /* fribidi-joining-types.c */; };
		1CFBBBAF1F555626007F458F /* fribidi-run.c in Sources */ = {isa = PBXBuildFile; fileRef = 1CFBBB601F554F83007F458F /* fribidi-run.c */; };
		1CFBBBB01F555626007F458F /* fribidi-shape.c in Sources */ = {isa = PBXBuildFile; fileRef = 1CFBBB611F554F83007F458F /* fribidi-shape.c */; };
		1CFBBBB11F555626007F458F /* fribidi-shape.h in Headers */ = {isa = PBXBuildFile; fileRef = 1CFBBB621F554F83007F458F /* fribidi-shape.h */; };
		1CFBBBB21F555626007F458F /* fribidi-types.h in Headers */ = {isa = PBXBuildFile; fileRef = 1CFBBB631F554F83007F458F /* fribidi-types.h */; };
		1CFBBBB31F555626007F458F /* fribidi-unicode-version.h in Headers */ = {isa = PBXBuildFile; fileRef = 1CFBBB641F554F83007F458F /* fribidi-unicode-version.h */; };
		1CFBBBB41F555626007F458F /* fribidi-unicode.h in Headers */ = {isa = PBXBuildFile; fileRef = 1CFBBB651F554F83007F458F /* fribidi-unicode.h */; };
		1CFBBBB51F555636007F458F /* fribidi.c in Sources */ = {isa = PBXBuildFile; fileRef = 1CFBBB661F554F83007F458F /* fribidi.c */; };
		1CFBBBB61F555636007F458F /* fribidi.h in Headers */ = {isa = PBXBuildFile; fileRef = 1CFBBB681F554F83007F458F /* fribidi.h */; };
		1CFBBBB81F555636007F458F /* joining-types.h in Headers */ = {isa = PBXBuildFile; fileRef = 1CFBBB6B1F554F83007F458F /* joining-types.h */; };
		1CFBBBB91F555636007F458F /* mem.h in Headers */ = {isa = PBXBuildFile; fileRef = 1CFBBB6C1F554F83007F458F /* mem.h */; };
		1CFBBBBB1F555636007F458F /* run.h in Headers */ = {isa = PBXBuildFile; fileRef = 1CFBBB6E1F554F83007F458F /* run.h */; };
/* End PBXBuildFile section */

/* Begin PBXCopyFilesBuildPhase section */
		1CC9B7A41F54168B002EF833 /* CopyFiles */ = {
			isa = PBXCopyFilesBuildPhase;
			buildActionMask = 2147483647;
			dstPath = "include/$(PRODUCT_NAME)";
			dstSubfolderSpec = 16;
			files = (
				1CFBBB701F55538C007F458F /* ass.h in CopyFiles */,
				1CFBBB711F55538C007F458F /* ass_bitmap.h in CopyFiles */,
				1CFBBB721F55538C007F458F /* ass_cache.h in CopyFiles */,
				1CFBBB731F55538C007F458F /* ass_cache_template.h in CopyFiles */,
				1CFBBB741F55538C007F458F /* ass_compat.h in CopyFiles */,
				1CFBBB751F55538C007F458F /* ass_coretext.h in CopyFiles */,
				1CFBBB761F55538C007F458F /* ass_drawing.h in CopyFiles */,
				1CFBBB771F55538C007F458F /* ass_font.h in CopyFiles */,
				1CFBBB781F55538C007F458F /* ass_fontconfig.h in CopyFiles */,
				1CFBBB791F55538C007F458F /* ass_fontselect.h in CopyFiles */,
				1CFBBB7A1F55538C007F458F /* ass_func_template.h in CopyFiles */,
				1CFBBB7B1F55538C007F458F /* ass_library.h in CopyFiles */,
				1CFBBB7C1F55538C007F458F /* ass_outline.h in CopyFiles */,
				1CFBBB7D1F55538C007F458F /* ass_parse.h in CopyFiles */,
				1CFBBB7E1F55538C007F458F /* ass_rasterizer.h in CopyFiles */,
				1CFBBB7F1F55538C007F458F /* ass_render.h in CopyFiles */,
				1CFBBB801F55538C007F458F /* ass_shaper.h in CopyFiles */,
				1CFBBB811F55538C007F458F /* ass_string.h in CopyFiles */,
				1CFBBB821F55538C007F458F /* ass_types.h in CopyFiles */,
				1CFBBB831F55538C007F458F /* ass_utils.h in CopyFiles */,
			);
			runOnlyForDeploymentPostprocessing = 0;
		};
/* End PBXCopyFilesBuildPhase section */

/* Begin PBXFileReference section */
		1C7C4C831F57ADCC005AA6B3 /* ftconfig.h */ = {isa = PBXFileReference; fileEncoding = 4; lastKnownFileType = sourcecode.c.h; path = ftconfig.h; sourceTree = "<group>"; };
		1C7C4C841F57ADCC005AA6B3 /* ftheader.h */ = {isa = PBXFileReference; fileEncoding = 4; lastKnownFileType = sourcecode.c.h; path = ftheader.h; sourceTree = "<group>"; };
		1C7C4C851F57ADCC005AA6B3 /* ftmodule.h */ = {isa = PBXFileReference; fileEncoding = 4; lastKnownFileType = sourcecode.c.h; path = ftmodule.h; sourceTree = "<group>"; };
		1C7C4C861F57ADCC005AA6B3 /* ftoption.h */ = {isa = PBXFileReference; fileEncoding = 4; lastKnownFileType = sourcecode.c.h; path = ftoption.h; sourceTree = "<group>"; };
		1C7C4C871F57ADCC005AA6B3 /* ftstdlib.h */ = {isa = PBXFileReference; fileEncoding = 4; lastKnownFileType = sourcecode.c.h; path = ftstdlib.h; sourceTree = "<group>"; };
		1C7C4C881F57ADCC005AA6B3 /* freetype.h */ = {isa = PBXFileReference; fileEncoding = 4; lastKnownFileType = sourcecode.c.h; path = freetype.h; sourceTree = "<group>"; };
		1C7C4C891F57ADCC005AA6B3 /* ftadvanc.h */ = {isa = PBXFileReference; fileEncoding = 4; lastKnownFileType = sourcecode.c.h; path = ftadvanc.h; sourceTree = "<group>"; };
		1C7C4C8A1F57ADCC005AA6B3 /* ftautoh.h */ = {isa = PBXFileReference; fileEncoding = 4; lastKnownFileType = sourcecode.c.h; path = ftautoh.h; sourceTree = "<group>"; };
		1C7C4C8B1F57ADCC005AA6B3 /* ftbbox.h */ = {isa = PBXFileReference; fileEncoding = 4; lastKnownFileType = sourcecode.c.h; path = ftbbox.h; sourceTree = "<group>"; };
		1C7C4C8C1F57ADCC005AA6B3 /* ftbdf.h */ = {isa = PBXFileReference; fileEncoding = 4; lastKnownFileType = sourcecode.c.h; path = ftbdf.h; sourceTree = "<group>"; };
		1C7C4C8D1F57ADCC005AA6B3 /* ftbitmap.h */ = {isa = PBXFileReference; fileEncoding = 4; lastKnownFileType = sourcecode.c.h; path = ftbitmap.h; sourceTree = "<group>"; };
		1C7C4C8E1F57ADCC005AA6B3 /* ftbzip2.h */ = {isa = PBXFileReference; fileEncoding = 4; lastKnownFileType = sourcecode.c.h; path = ftbzip2.h; sourceTree = "<group>"; };
		1C7C4C8F1F57ADCC005AA6B3 /* ftcache.h */ = {isa = PBXFileReference; fileEncoding = 4; lastKnownFileType = sourcecode.c.h; path = ftcache.h; sourceTree = "<group>"; };
		1C7C4C901F57ADCC005AA6B3 /* ftcffdrv.h */ = {isa = PBXFileReference; fileEncoding = 4; lastKnownFileType = sourcecode.c.h; path = ftcffdrv.h; sourceTree = "<group>"; };
		1C7C4C911F57ADCC005AA6B3 /* ftchapters.h */ = {isa = PBXFileReference; fileEncoding = 4; lastKnownFileType = sourcecode.c.h; path = ftchapters.h; sourceTree = "<group>"; };
		1C7C4C921F57ADCC005AA6B3 /* ftcid.h */ = {isa = PBXFileReference; fileEncoding = 4; lastKnownFileType = sourcecode.c.h; path = ftcid.h; sourceTree = "<group>"; };
		1C7C4C931F57ADCC005AA6B3 /* fterrdef.h */ = {isa = PBXFileReference; fileEncoding = 4; lastKnownFileType = sourcecode.c.h; path = fterrdef.h; sourceTree = "<group>"; };
		1C7C4C941F57ADCC005AA6B3 /* fterrors.h */ = {isa = PBXFileReference; fileEncoding = 4; lastKnownFileType = sourcecode.c.h; path = fterrors.h; sourceTree = "<group>"; };
		1C7C4C951F57ADCC005AA6B3 /* ftfntfmt.h */ = {isa = PBXFileReference; fileEncoding = 4; lastKnownFileType = sourcecode.c.h; path = ftfntfmt.h; sourceTree = "<group>"; };
		1C7C4C961F57ADCC005AA6B3 /* ftgasp.h */ = {isa = PBXFileReference; fileEncoding = 4; lastKnownFileType = sourcecode.c.h; path = ftgasp.h; sourceTree = "<group>"; };
		1C7C4C971F57ADCC005AA6B3 /* ftglyph.h */ = {isa = PBXFileReference; fileEncoding = 4; lastKnownFileType = sourcecode.c.h; path = ftglyph.h; sourceTree = "<group>"; };
		1C7C4C981F57ADCC005AA6B3 /* ftgxval.h */ = {isa = PBXFileReference; fileEncoding = 4; lastKnownFileType = sourcecode.c.h; path = ftgxval.h; sourceTree = "<group>"; };
		1C7C4C991F57ADCC005AA6B3 /* ftgzip.h */ = {isa = PBXFileReference; fileEncoding = 4; lastKnownFileType = sourcecode.c.h; path = ftgzip.h; sourceTree = "<group>"; };
		1C7C4C9A1F57ADCC005AA6B3 /* ftimage.h */ = {isa = PBXFileReference; fileEncoding = 4; lastKnownFileType = sourcecode.c.h; path = ftimage.h; sourceTree = "<group>"; };
		1C7C4C9B1F57ADCC005AA6B3 /* ftincrem.h */ = {isa = PBXFileReference; fileEncoding = 4; lastKnownFileType = sourcecode.c.h; path = ftincrem.h; sourceTree = "<group>"; };
		1C7C4C9C1F57ADCC005AA6B3 /* ftlcdfil.h */ = {isa = PBXFileReference; fileEncoding = 4; lastKnownFileType = sourcecode.c.h; path = ftlcdfil.h; sourceTree = "<group>"; };
		1C7C4C9D1F57ADCC005AA6B3 /* ftlist.h */ = {isa = PBXFileReference; fileEncoding = 4; lastKnownFileType = sourcecode.c.h; path = ftlist.h; sourceTree = "<group>"; };
		1C7C4C9E1F57ADCC005AA6B3 /* ftlzw.h */ = {isa = PBXFileReference; fileEncoding = 4; lastKnownFileType = sourcecode.c.h; path = ftlzw.h; sourceTree = "<group>"; };
		1C7C4C9F1F57ADCC005AA6B3 /* ftmac.h */ = {isa = PBXFileReference; fileEncoding = 4; lastKnownFileType = sourcecode.c.h; path = ftmac.h; sourceTree = "<group>"; };
		1C7C4CA01F57ADCC005AA6B3 /* ftmm.h */ = {isa = PBXFileReference; fileEncoding = 4; lastKnownFileType = sourcecode.c.h; path = ftmm.h; sourceTree = "<group>"; };
		1C7C4CA11F57ADCC005AA6B3 /* ftmodapi.h */ = {isa = PBXFileReference; fileEncoding = 4; lastKnownFileType = sourcecode.c.h; path = ftmodapi.h; sourceTree = "<group>"; };
		1C7C4CA21F57ADCC005AA6B3 /* ftmoderr.h */ = {isa = PBXFileReference; fileEncoding = 4; lastKnownFileType = sourcecode.c.h; path = ftmoderr.h; sourceTree = "<group>"; };
		1C7C4CA31F57ADCC005AA6B3 /* ftotval.h */ = {isa = PBXFileReference; fileEncoding = 4; lastKnownFileType = sourcecode.c.h; path = ftotval.h; sourceTree = "<group>"; };
		1C7C4CA41F57ADCC005AA6B3 /* ftoutln.h */ = {isa = PBXFileReference; fileEncoding = 4; lastKnownFileType = sourcecode.c.h; path = ftoutln.h; sourceTree = "<group>"; };
		1C7C4CA51F57ADCC005AA6B3 /* ftpcfdrv.h */ = {isa = PBXFileReference; fileEncoding = 4; lastKnownFileType = sourcecode.c.h; path = ftpcfdrv.h; sourceTree = "<group>"; };
		1C7C4CA61F57ADCC005AA6B3 /* ftpfr.h */ = {isa = PBXFileReference; fileEncoding = 4; lastKnownFileType = sourcecode.c.h; path = ftpfr.h; sourceTree = "<group>"; };
		1C7C4CA71F57ADCC005AA6B3 /* ftrender.h */ = {isa = PBXFileReference; fileEncoding = 4; lastKnownFileType = sourcecode.c.h; path = ftrender.h; sourceTree = "<group>"; };
		1C7C4CA81F57ADCC005AA6B3 /* ftsizes.h */ = {isa = PBXFileReference; fileEncoding = 4; lastKnownFileType = sourcecode.c.h; path = ftsizes.h; sourceTree = "<group>"; };
		1C7C4CA91F57ADCC005AA6B3 /* ftsnames.h */ = {isa = PBXFileReference; fileEncoding = 4; lastKnownFileType = sourcecode.c.h; path = ftsnames.h; sourceTree = "<group>"; };
		1C7C4CAA1F57ADCC005AA6B3 /* ftstroke.h */ = {isa = PBXFileReference; fileEncoding = 4; lastKnownFileType = sourcecode.c.h; path = ftstroke.h; sourceTree = "<group>"; };
		1C7C4CAB1F57ADCC005AA6B3 /* ftsynth.h */ = {isa = PBXFileReference; fileEncoding = 4; lastKnownFileType = sourcecode.c.h; path = ftsynth.h; sourceTree = "<group>"; };
		1C7C4CAC1F57ADCC005AA6B3 /* ftsystem.h */ = {isa = PBXFileReference; fileEncoding = 4; lastKnownFileType = sourcecode.c.h; path = ftsystem.h; sourceTree = "<group>"; };
		1C7C4CAD1F57ADCC005AA6B3 /* fttrigon.h */ = {isa = PBXFileReference; fileEncoding = 4; lastKnownFileType = sourcecode.c.h; path = fttrigon.h; sourceTree = "<group>"; };
		1C7C4CAE1F57ADCC005AA6B3 /* ftttdrv.h */ = {isa = PBXFileReference; fileEncoding = 4; lastKnownFileType = sourcecode.c.h; path = ftttdrv.h; sourceTree = "<group>"; };
		1C7C4CAF1F57ADCC005AA6B3 /* fttypes.h */ = {isa = PBXFileReference; fileEncoding = 4; lastKnownFileType = sourcecode.c.h; path = fttypes.h; sourceTree = "<group>"; };
		1C7C4CB01F57ADCC005AA6B3 /* ftwinfnt.h */ = {isa = PBXFileReference; fileEncoding = 4; lastKnownFileType = sourcecode.c.h; path = ftwinfnt.h; sourceTree = "<group>"; };
		1C7C4CB21F57ADCC005AA6B3 /* autohint.h */ = {isa = PBXFileReference; fileEncoding = 4; lastKnownFileType = sourcecode.c.h; path = autohint.h; sourceTree = "<group>"; };
		1C7C4CB31F57ADCC005AA6B3 /* ftcalc.h */ = {isa = PBXFileReference; fileEncoding = 4; lastKnownFileType = sourcecode.c.h; path = ftcalc.h; sourceTree = "<group>"; };
		1C7C4CB41F57ADCC005AA6B3 /* ftdebug.h */ = {isa = PBXFileReference; fileEncoding = 4; lastKnownFileType = sourcecode.c.h; path = ftdebug.h; sourceTree = "<group>"; };
		1C7C4CB51F57ADCC005AA6B3 /* ftdriver.h */ = {isa = PBXFileReference; fileEncoding = 4; lastKnownFileType = sourcecode.c.h; path = ftdriver.h; sourceTree = "<group>"; };
		1C7C4CB61F57ADCC005AA6B3 /* ftgloadr.h */ = {isa = PBXFileReference; fileEncoding = 4; lastKnownFileType = sourcecode.c.h; path = ftgloadr.h; sourceTree = "<group>"; };
		1C7C4CB71F57ADCC005AA6B3 /* fthash.h */ = {isa = PBXFileReference; fileEncoding = 4; lastKnownFileType = sourcecode.c.h; path = fthash.h; sourceTree = "<group>"; };
		1C7C4CB81F57ADCC005AA6B3 /* ftmemory.h */ = {isa = PBXFileReference; fileEncoding = 4; lastKnownFileType = sourcecode.c.h; path = ftmemory.h; sourceTree = "<group>"; };
		1C7C4CB91F57ADCC005AA6B3 /* ftobjs.h */ = {isa = PBXFileReference; fileEncoding = 4; lastKnownFileType = sourcecode.c.h; path = ftobjs.h; sourceTree = "<group>"; };
		1C7C4CBA1F57ADCC005AA6B3 /* ftpic.h */ = {isa = PBXFileReference; fileEncoding = 4; lastKnownFileType = sourcecode.c.h; path = ftpic.h; sourceTree = "<group>"; };
		1C7C4CBB1F57ADCC005AA6B3 /* ftrfork.h */ = {isa = PBXFileReference; fileEncoding = 4; lastKnownFileType = sourcecode.c.h; path = ftrfork.h; sourceTree = "<group>"; };
		1C7C4CBC1F57ADCC005AA6B3 /* ftserv.h */ = {isa = PBXFileReference; fileEncoding = 4; lastKnownFileType = sourcecode.c.h; path = ftserv.h; sourceTree = "<group>"; };
		1C7C4CBD1F57ADCC005AA6B3 /* ftstream.h */ = {isa = PBXFileReference; fileEncoding = 4; lastKnownFileType = sourcecode.c.h; path = ftstream.h; sourceTree = "<group>"; };
		1C7C4CBE1F57ADCC005AA6B3 /* fttrace.h */ = {isa = PBXFileReference; fileEncoding = 4; lastKnownFileType = sourcecode.c.h; path = fttrace.h; sourceTree = "<group>"; };
		1C7C4CBF1F57ADCC005AA6B3 /* ftvalid.h */ = {isa = PBXFileReference; fileEncoding = 4; lastKnownFileType = sourcecode.c.h; path = ftvalid.h; sourceTree = "<group>"; };
		1C7C4CC01F57ADCC005AA6B3 /* internal.h */ = {isa = PBXFileReference; fileEncoding = 4; lastKnownFileType = sourcecode.c.h; path = internal.h; sourceTree = "<group>"; };
		1C7C4CC11F57ADCC005AA6B3 /* psaux.h */ = {isa = PBXFileReference; fileEncoding = 4; lastKnownFileType = sourcecode.c.h; path = psaux.h; sourceTree = "<group>"; };
		1C7C4CC21F57ADCC005AA6B3 /* pshints.h */ = {isa = PBXFileReference; fileEncoding = 4; lastKnownFileType = sourcecode.c.h; path = pshints.h; sourceTree = "<group>"; };
		1C7C4CC41F57ADCC005AA6B3 /* svbdf.h */ = {isa = PBXFileReference; fileEncoding = 4; lastKnownFileType = sourcecode.c.h; path = svbdf.h; sourceTree = "<group>"; };
		1C7C4CC51F57ADCC005AA6B3 /* svcid.h */ = {isa = PBXFileReference; fileEncoding = 4; lastKnownFileType = sourcecode.c.h; path = svcid.h; sourceTree = "<group>"; };
		1C7C4CC61F57ADCC005AA6B3 /* svfntfmt.h */ = {isa = PBXFileReference; fileEncoding = 4; lastKnownFileType = sourcecode.c.h; path = svfntfmt.h; sourceTree = "<group>"; };
		1C7C4CC71F57ADCC005AA6B3 /* svgldict.h */ = {isa = PBXFileReference; fileEncoding = 4; lastKnownFileType = sourcecode.c.h; path = svgldict.h; sourceTree = "<group>"; };
		1C7C4CC81F57ADCC005AA6B3 /* svgxval.h */ = {isa = PBXFileReference; fileEncoding = 4; lastKnownFileType = sourcecode.c.h; path = svgxval.h; sourceTree = "<group>"; };
		1C7C4CC91F57ADCC005AA6B3 /* svkern.h */ = {isa = PBXFileReference; fileEncoding = 4; lastKnownFileType = sourcecode.c.h; path = svkern.h; sourceTree = "<group>"; };
		1C7C4CCA1F57ADCC005AA6B3 /* svmetric.h */ = {isa = PBXFileReference; fileEncoding = 4; lastKnownFileType = sourcecode.c.h; path = svmetric.h; sourceTree = "<group>"; };
		1C7C4CCB1F57ADCC005AA6B3 /* svmm.h */ = {isa = PBXFileReference; fileEncoding = 4; lastKnownFileType = sourcecode.c.h; path = svmm.h; sourceTree = "<group>"; };
		1C7C4CCC1F57ADCC005AA6B3 /* svotval.h */ = {isa = PBXFileReference; fileEncoding = 4; lastKnownFileType = sourcecode.c.h; path = svotval.h; sourceTree = "<group>"; };
		1C7C4CCD1F57ADCC005AA6B3 /* svpfr.h */ = {isa = PBXFileReference; fileEncoding = 4; lastKnownFileType = sourcecode.c.h; path = svpfr.h; sourceTree = "<group>"; };
		1C7C4CCE1F57ADCC005AA6B3 /* svpostnm.h */ = {isa = PBXFileReference; fileEncoding = 4; lastKnownFileType = sourcecode.c.h; path = svpostnm.h; sourceTree = "<group>"; };
		1C7C4CCF1F57ADCC005AA6B3 /* svprop.h */ = {isa = PBXFileReference; fileEncoding = 4; lastKnownFileType = sourcecode.c.h; path = svprop.h; sourceTree = "<group>"; };
		1C7C4CD01F57ADCC005AA6B3 /* svpscmap.h */ = {isa = PBXFileReference; fileEncoding = 4; lastKnownFileType = sourcecode.c.h; path = svpscmap.h; sourceTree = "<group>"; };
		1C7C4CD11F57ADCC005AA6B3 /* svpsinfo.h */ = {isa = PBXFileReference; fileEncoding = 4; lastKnownFileType = sourcecode.c.h; path = svpsinfo.h; sourceTree = "<group>"; };
		1C7C4CD21F57ADCC005AA6B3 /* svsfnt.h */ = {isa = PBXFileReference; fileEncoding = 4; lastKnownFileType = sourcecode.c.h; path = svsfnt.h; sourceTree = "<group>"; };
		1C7C4CD31F57ADCC005AA6B3 /* svttcmap.h */ = {isa = PBXFileReference; fileEncoding = 4; lastKnownFileType = sourcecode.c.h; path = svttcmap.h; sourceTree = "<group>"; };
		1C7C4CD41F57ADCC005AA6B3 /* svtteng.h */ = {isa = PBXFileReference; fileEncoding = 4; lastKnownFileType = sourcecode.c.h; path = svtteng.h; sourceTree = "<group>"; };
		1C7C4CD51F57ADCC005AA6B3 /* svttglyf.h */ = {isa = PBXFileReference; fileEncoding = 4; lastKnownFileType = sourcecode.c.h; path = svttglyf.h; sourceTree = "<group>"; };
		1C7C4CD61F57ADCC005AA6B3 /* svwinfnt.h */ = {isa = PBXFileReference; fileEncoding = 4; lastKnownFileType = sourcecode.c.h; path = svwinfnt.h; sourceTree = "<group>"; };
		1C7C4CD71F57ADCC005AA6B3 /* sfnt.h */ = {isa = PBXFileReference; fileEncoding = 4; lastKnownFileType = sourcecode.c.h; path = sfnt.h; sourceTree = "<group>"; };
		1C7C4CD81F57ADCC005AA6B3 /* t1types.h */ = {isa = PBXFileReference; fileEncoding = 4; lastKnownFileType = sourcecode.c.h; path = t1types.h; sourceTree = "<group>"; };
		1C7C4CD91F57ADCC005AA6B3 /* tttypes.h */ = {isa = PBXFileReference; fileEncoding = 4; lastKnownFileType = sourcecode.c.h; path = tttypes.h; sourceTree = "<group>"; };
		1C7C4CDA1F57ADCC005AA6B3 /* t1tables.h */ = {isa = PBXFileReference; fileEncoding = 4; lastKnownFileType = sourcecode.c.h; path = t1tables.h; sourceTree = "<group>"; };
		1C7C4CDB1F57ADCC005AA6B3 /* ttnameid.h */ = {isa = PBXFileReference; fileEncoding = 4; lastKnownFileType = sourcecode.c.h; path = ttnameid.h; sourceTree = "<group>"; };
		1C7C4CDC1F57ADCC005AA6B3 /* tttables.h */ = {isa = PBXFileReference; fileEncoding = 4; lastKnownFileType = sourcecode.c.h; path = tttables.h; sourceTree = "<group>"; };
		1C7C4CDD1F57ADCC005AA6B3 /* tttags.h */ = {isa = PBXFileReference; fileEncoding = 4; lastKnownFileType = sourcecode.c.h; path = tttags.h; sourceTree = "<group>"; };
		1C7C4CDE1F57ADCC005AA6B3 /* ttunpat.h */ = {isa = PBXFileReference; fileEncoding = 4; lastKnownFileType = sourcecode.c.h; path = ttunpat.h; sourceTree = "<group>"; };
		1C7C4CDF1F57ADCC005AA6B3 /* ft2build.h */ = {isa = PBXFileReference; fileEncoding = 4; lastKnownFileType = sourcecode.c.h; path = ft2build.h; sourceTree = "<group>"; };
		1C7C4CE01F57ADCC005AA6B3 /* libfreetype.a */ = {isa = PBXFileReference; lastKnownFileType = archive.ar; path = libfreetype.a; sourceTree = "<group>"; };
		1CC9B7A61F54168B002EF833 /* liblibassIOS.a */ = {isa = PBXFileReference; explicitFileType = archive.ar; includeInIndex = 0; path = liblibassIOS.a; sourceTree = BUILT_PRODUCTS_DIR; };
		1CC9B7A91F54168B002EF833 /* libassIOS.h */ = {isa = PBXFileReference; lastKnownFileType = sourcecode.c.h; path = libassIOS.h; sourceTree = "<group>"; };
		1CC9B7AA1F54168B002EF833 /* libassIOS.m */ = {isa = PBXFileReference; lastKnownFileType = sourcecode.c.objc; path = libassIOS.m; sourceTree = "<group>"; };
		1CC9B7F31F5416FA002EF833 /* ass.c */ = {isa = PBXFileReference; lastKnownFileType = sourcecode.c.c; path = ass.c; sourceTree = "<group>"; };
		1CC9B7F41F5416FA002EF833 /* ass.h */ = {isa = PBXFileReference; lastKnownFileType = sourcecode.c.h; path = ass.h; sourceTree = "<group>"; };
		1CC9B7F51F5416FA002EF833 /* ass_bitmap.c */ = {isa = PBXFileReference; lastKnownFileType = sourcecode.c.c; path = ass_bitmap.c; sourceTree = "<group>"; };
		1CC9B7F61F5416FA002EF833 /* ass_bitmap.h */ = {isa = PBXFileReference; lastKnownFileType = sourcecode.c.h; path = ass_bitmap.h; sourceTree = "<group>"; };
		1CC9B7F71F5416FA002EF833 /* ass_blur.c */ = {isa = PBXFileReference; lastKnownFileType = sourcecode.c.c; path = ass_blur.c; sourceTree = "<group>"; };
		1CC9B7F81F5416FA002EF833 /* ass_cache.c */ = {isa = PBXFileReference; lastKnownFileType = sourcecode.c.c; path = ass_cache.c; sourceTree = "<group>"; };
		1CC9B7F91F5416FA002EF833 /* ass_cache.h */ = {isa = PBXFileReference; lastKnownFileType = sourcecode.c.h; path = ass_cache.h; sourceTree = "<group>"; };
		1CC9B7FA1F5416FA002EF833 /* ass_cache_template.h */ = {isa = PBXFileReference; lastKnownFileType = sourcecode.c.h; path = ass_cache_template.h; sourceTree = "<group>"; };
		1CC9B7FB1F5416FA002EF833 /* ass_compat.h */ = {isa = PBXFileReference; lastKnownFileType = sourcecode.c.h; path = ass_compat.h; sourceTree = "<group>"; };
		1CC9B7FC1F5416FA002EF833 /* ass_coretext.c */ = {isa = PBXFileReference; lastKnownFileType = sourcecode.c.c; path = ass_coretext.c; sourceTree = "<group>"; };
		1CC9B7FD1F5416FA002EF833 /* ass_coretext.h */ = {isa = PBXFileReference; lastKnownFileType = sourcecode.c.h; path = ass_coretext.h; sourceTree = "<group>"; };
		1CC9B8001F5416FA002EF833 /* ass_drawing.c */ = {isa = PBXFileReference; lastKnownFileType = sourcecode.c.c; path = ass_drawing.c; sourceTree = "<group>"; };
		1CC9B8011F5416FA002EF833 /* ass_drawing.h */ = {isa = PBXFileReference; lastKnownFileType = sourcecode.c.h; path = ass_drawing.h; sourceTree = "<group>"; };
		1CC9B8021F5416FA002EF833 /* ass_font.c */ = {isa = PBXFileReference; lastKnownFileType = sourcecode.c.c; path = ass_font.c; sourceTree = "<group>"; };
		1CC9B8031F5416FA002EF833 /* ass_font.h */ = {isa = PBXFileReference; lastKnownFileType = sourcecode.c.h; path = ass_font.h; sourceTree = "<group>"; };
		1CC9B8041F5416FA002EF833 /* ass_fontconfig.c */ = {isa = PBXFileReference; lastKnownFileType = sourcecode.c.c; path = ass_fontconfig.c; sourceTree = "<group>"; };
		1CC9B8051F5416FA002EF833 /* ass_fontconfig.h */ = {isa = PBXFileReference; lastKnownFileType = sourcecode.c.h; path = ass_fontconfig.h; sourceTree = "<group>"; };
		1CC9B8061F5416FA002EF833 /* ass_fontselect.c */ = {isa = PBXFileReference; lastKnownFileType = sourcecode.c.c; path = ass_fontselect.c; sourceTree = "<group>"; };
		1CC9B8071F5416FA002EF833 /* ass_fontselect.h */ = {isa = PBXFileReference; lastKnownFileType = sourcecode.c.h; path = ass_fontselect.h; sourceTree = "<group>"; };
		1CC9B8081F5416FA002EF833 /* ass_func_template.h */ = {isa = PBXFileReference; lastKnownFileType = sourcecode.c.h; path = ass_func_template.h; sourceTree = "<group>"; };
		1CC9B8091F5416FA002EF833 /* ass_library.c */ = {isa = PBXFileReference; lastKnownFileType = sourcecode.c.c; path = ass_library.c; sourceTree = "<group>"; };
		1CC9B80A1F5416FA002EF833 /* ass_library.h */ = {isa = PBXFileReference; lastKnownFileType = sourcecode.c.h; path = ass_library.h; sourceTree = "<group>"; };
		1CC9B80B1F5416FA002EF833 /* ass_outline.c */ = {isa = PBXFileReference; lastKnownFileType = sourcecode.c.c; path = ass_outline.c; sourceTree = "<group>"; };
		1CC9B80C1F5416FA002EF833 /* ass_outline.h */ = {isa = PBXFileReference; lastKnownFileType = sourcecode.c.h; path = ass_outline.h; sourceTree = "<group>"; };
		1CC9B80D1F5416FA002EF833 /* ass_parse.c */ = {isa = PBXFileReference; lastKnownFileType = sourcecode.c.c; path = ass_parse.c; sourceTree = "<group>"; };
		1CC9B80E1F5416FA002EF833 /* ass_parse.h */ = {isa = PBXFileReference; lastKnownFileType = sourcecode.c.h; path = ass_parse.h; sourceTree = "<group>"; };
		1CC9B80F1F5416FA002EF833 /* ass_rasterizer.c */ = {isa = PBXFileReference; lastKnownFileType = sourcecode.c.c; path = ass_rasterizer.c; sourceTree = "<group>"; };
		1CC9B8101F5416FA002EF833 /* ass_rasterizer.h */ = {isa = PBXFileReference; lastKnownFileType = sourcecode.c.h; path = ass_rasterizer.h; sourceTree = "<group>"; };
		1CC9B8111F5416FA002EF833 /* ass_rasterizer_c.c */ = {isa = PBXFileReference; lastKnownFileType = sourcecode.c.c; path = ass_rasterizer_c.c; sourceTree = "<group>"; };
		1CC9B8121F5416FA002EF833 /* ass_render.c */ = {isa = PBXFileReference; lastKnownFileType = sourcecode.c.c; path = ass_render.c; sourceTree = "<group>"; };
		1CC9B8131F5416FA002EF833 /* ass_render.h */ = {isa = PBXFileReference; lastKnownFileType = sourcecode.c.h; path = ass_render.h; sourceTree = "<group>"; };
		1CC9B8141F5416FA002EF833 /* ass_render_api.c */ = {isa = PBXFileReference; lastKnownFileType = sourcecode.c.c; path = ass_render_api.c; sourceTree = "<group>"; };
		1CC9B8151F5416FA002EF833 /* ass_shaper.c */ = {isa = PBXFileReference; lastKnownFileType = sourcecode.c.c; path = ass_shaper.c; sourceTree = "<group>"; };
		1CC9B8161F5416FA002EF833 /* ass_shaper.h */ = {isa = PBXFileReference; lastKnownFileType = sourcecode.c.h; path = ass_shaper.h; sourceTree = "<group>"; };
		1CC9B8171F5416FA002EF833 /* ass_string.c */ = {isa = PBXFileReference; lastKnownFileType = sourcecode.c.c; path = ass_string.c; sourceTree = "<group>"; };
		1CC9B8181F5416FA002EF833 /* ass_string.h */ = {isa = PBXFileReference; lastKnownFileType = sourcecode.c.h; path = ass_string.h; sourceTree = "<group>"; };
		1CC9B8191F5416FA002EF833 /* ass_strtod.c */ = {isa = PBXFileReference; lastKnownFileType = sourcecode.c.c; path = ass_strtod.c; sourceTree = "<group>"; };
		1CC9B81A1F5416FA002EF833 /* ass_types.h */ = {isa = PBXFileReference; lastKnownFileType = sourcecode.c.h; path = ass_types.h; sourceTree = "<group>"; };
		1CC9B81B1F5416FA002EF833 /* ass_utils.c */ = {isa = PBXFileReference; lastKnownFileType = sourcecode.c.c; path = ass_utils.c; sourceTree = "<group>"; };
		1CC9B81C1F5416FA002EF833 /* ass_utils.h */ = {isa = PBXFileReference; lastKnownFileType = sourcecode.c.h; path = ass_utils.h; sourceTree = "<group>"; };
		1CC9B81D1F5416FA002EF833 /* dwrite_c.h */ = {isa = PBXFileReference; lastKnownFileType = sourcecode.c.h; path = dwrite_c.h; sourceTree = "<group>"; };
		1CFBB8FC1F554393007F458F /* Foundation.framework */ = {isa = PBXFileReference; lastKnownFileType = wrapper.framework; name = Foundation.framework; path = System/Library/Frameworks/Foundation.framework; sourceTree = SDKROOT; };
		1CFBBB341F554F83007F458F /* fribidi-char-sets-cap-rtl.c */ = {isa = PBXFileReference; lastKnownFileType = sourcecode.c.c; path = "fribidi-char-sets-cap-rtl.c"; sourceTree = "<group>"; };
		1CFBBB351F554F83007F458F /* fribidi-char-sets-cap-rtl.h */ = {isa = PBXFileReference; lastKnownFileType = sourcecode.c.h; path = "fribidi-char-sets-cap-rtl.h"; sourceTree = "<group>"; };
		1CFBBB361F554F83007F458F /* fribidi-char-sets-cp1255.c */ = {isa = PBXFileReference; lastKnownFileType = sourcecode.c.c; path = "fribidi-char-sets-cp1255.c"; sourceTree = "<group>"; };
		1CFBBB371F554F83007F458F /* fribidi-char-sets-cp1255.h */ = {isa = PBXFileReference; lastKnownFileType = sourcecode.c.h; path = "fribidi-char-sets-cp1255.h"; sourceTree = "<group>"; };
		1CFBBB381F554F83007F458F /* fribidi-char-sets-cp1256.c */ = {isa = PBXFileReference; lastKnownFileType = sourcecode.c.c; path = "fribidi-char-sets-cp1256.c"; sourceTree = "<group>"; };
		1CFBBB391F554F83007F458F /* fribidi-char-sets-cp1256.h */ = {isa = PBXFileReference; lastKnownFileType = sourcecode.c.h; path = "fribidi-char-sets-cp1256.h"; sourceTree = "<group>"; };
		1CFBBB3A1F554F83007F458F /* fribidi-char-sets-iso8859-6.c */ = {isa = PBXFileReference; lastKnownFileType = sourcecode.c.c; path = "fribidi-char-sets-iso8859-6.c"; sourceTree = "<group>"; };
		1CFBBB3B1F554F83007F458F /* fribidi-char-sets-iso8859-6.h */ = {isa = PBXFileReference; lastKnownFileType = sourcecode.c.h; path = "fribidi-char-sets-iso8859-6.h"; sourceTree = "<group>"; };
		1CFBBB3C1F554F83007F458F /* fribidi-char-sets-iso8859-8.c */ = {isa = PBXFileReference; lastKnownFileType = sourcecode.c.c; path = "fribidi-char-sets-iso8859-8.c"; sourceTree = "<group>"; };
		1CFBBB3D1F554F83007F458F /* fribidi-char-sets-iso8859-8.h */ = {isa = PBXFileReference; lastKnownFileType = sourcecode.c.h; path = "fribidi-char-sets-iso8859-8.h"; sourceTree = "<group>"; };
		1CFBBB3E1F554F83007F458F /* fribidi-char-sets-list.h */ = {isa = PBXFileReference; lastKnownFileType = sourcecode.c.h; path = "fribidi-char-sets-list.h"; sourceTree = "<group>"; };
		1CFBBB3F1F554F83007F458F /* fribidi-char-sets-utf8.c */ = {isa = PBXFileReference; lastKnownFileType = sourcecode.c.c; path = "fribidi-char-sets-utf8.c"; sourceTree = "<group>"; };
		1CFBBB401F554F83007F458F /* fribidi-char-sets-utf8.h */ = {isa = PBXFileReference; lastKnownFileType = sourcecode.c.h; path = "fribidi-char-sets-utf8.h"; sourceTree = "<group>"; };
		1CFBBB411F554F83007F458F /* fribidi-char-sets.c */ = {isa = PBXFileReference; lastKnownFileType = sourcecode.c.c; path = "fribidi-char-sets.c"; sourceTree = "<group>"; };
		1CFBBB421F554F83007F458F /* fribidi-char-sets.h */ = {isa = PBXFileReference; lastKnownFileType = sourcecode.c.h; path = "fribidi-char-sets.h"; sourceTree = "<group>"; };
		1CFBBB441F554F83007F458F /* arabic-misc.tab.i */ = {isa = PBXFileReference; lastKnownFileType = sourcecode.c.c.preprocessed; path = "arabic-misc.tab.i"; sourceTree = "<group>"; };
		1CFBBB451F554F83007F458F /* arabic-shaping.tab.i */ = {isa = PBXFileReference; lastKnownFileType = sourcecode.c.c.preprocessed; path = "arabic-shaping.tab.i"; sourceTree = "<group>"; };
		1CFBBB461F554F83007F458F /* bidi-type.tab.i */ = {isa = PBXFileReference; lastKnownFileType = sourcecode.c.c.preprocessed; path = "bidi-type.tab.i"; sourceTree = "<group>"; };
		1CFBBB471F554F83007F458F /* bidi-types.h */ = {isa = PBXFileReference; lastKnownFileType = sourcecode.c.h; path = "bidi-types.h"; sourceTree = "<group>"; };
		1CFBBB481F554F83007F458F /* common.h */ = {isa = PBXFileReference; lastKnownFileType = sourcecode.c.h; path = common.h; sourceTree = "<group>"; };
		1CFBBB491F554F83007F458F /* debug.h */ = {isa = PBXFileReference; lastKnownFileType = sourcecode.c.h; path = debug.h; sourceTree = "<group>"; };
		1CFBBB4A1F554F83007F458F /* fribidi-arabic.c */ = {isa = PBXFileReference; lastKnownFileType = sourcecode.c.c; path = "fribidi-arabic.c"; sourceTree = "<group>"; };
		1CFBBB4B1F554F83007F458F /* fribidi-arabic.h */ = {isa = PBXFileReference; lastKnownFileType = sourcecode.c.h; path = "fribidi-arabic.h"; sourceTree = "<group>"; };
		1CFBBB4C1F554F83007F458F /* fribidi-begindecls.h */ = {isa = PBXFileReference; lastKnownFileType = sourcecode.c.h; path = "fribidi-begindecls.h"; sourceTree = "<group>"; };
		1CFBBB4D1F554F83007F458F /* fribidi-bidi-types-list.h */ = {isa = PBXFileReference; lastKnownFileType = sourcecode.c.h; path = "fribidi-bidi-types-list.h"; sourceTree = "<group>"; };
		1CFBBB4E1F554F83007F458F /* fribidi-bidi-types.c */ = {isa = PBXFileReference; lastKnownFileType = sourcecode.c.c; path = "fribidi-bidi-types.c"; sourceTree = "<group>"; };
		1CFBBB4F1F554F83007F458F /* fribidi-bidi-types.h */ = {isa = PBXFileReference; lastKnownFileType = sourcecode.c.h; path = "fribidi-bidi-types.h"; sourceTree = "<group>"; };
		1CFBBB501F554F83007F458F /* fribidi-bidi.c */ = {isa = PBXFileReference; lastKnownFileType = sourcecode.c.c; path = "fribidi-bidi.c"; sourceTree = "<group>"; };
		1CFBBB511F554F83007F458F /* fribidi-bidi.h */ = {isa = PBXFileReference; lastKnownFileType = sourcecode.c.h; path = "fribidi-bidi.h"; sourceTree = "<group>"; };
		1CFBBB521F554F83007F458F /* fribidi-common.h */ = {isa = PBXFileReference; lastKnownFileType = sourcecode.c.h; path = "fribidi-common.h"; sourceTree = "<group>"; };
		1CFBBB531F554F83007F458F /* fribidi-config.h */ = {isa = PBXFileReference; lastKnownFileType = sourcecode.c.h; path = "fribidi-config.h"; sourceTree = "<group>"; };
		1CFBBB541F554F83007F458F /* fribidi-deprecated.c */ = {isa = PBXFileReference; lastKnownFileType = sourcecode.c.c; path = "fribidi-deprecated.c"; sourceTree = "<group>"; };
		1CFBBB551F554F83007F458F /* fribidi-deprecated.h */ = {isa = PBXFileReference; lastKnownFileType = sourcecode.c.h; path = "fribidi-deprecated.h"; sourceTree = "<group>"; };
		1CFBBB561F554F83007F458F /* fribidi-enddecls.h */ = {isa = PBXFileReference; lastKnownFileType = sourcecode.c.h; path = "fribidi-enddecls.h"; sourceTree = "<group>"; };
		1CFBBB571F554F83007F458F /* fribidi-flags.h */ = {isa = PBXFileReference; lastKnownFileType = sourcecode.c.h; path = "fribidi-flags.h"; sourceTree = "<group>"; };
		1CFBBB581F554F83007F458F /* fribidi-joining-types-list.h */ = {isa = PBXFileReference; lastKnownFileType = sourcecode.c.h; path = "fribidi-joining-types-list.h"; sourceTree = "<group>"; };
		1CFBBB591F554F83007F458F /* fribidi-joining-types.c */ = {isa = PBXFileReference; lastKnownFileType = sourcecode.c.c; path = "fribidi-joining-types.c"; sourceTree = "<group>"; };
		1CFBBB5A1F554F83007F458F /* fribidi-joining-types.h */ = {isa = PBXFileReference; lastKnownFileType = sourcecode.c.h; path = "fribidi-joining-types.h"; sourceTree = "<group>"; };
		1CFBBB5B1F554F83007F458F /* fribidi-joining.c */ = {isa = PBXFileReference; lastKnownFileType = sourcecode.c.c; path = "fribidi-joining.c"; sourceTree = "<group>"; };
		1CFBBB5C1F554F83007F458F /* fribidi-joining.h */ = {isa = PBXFileReference; lastKnownFileType = sourcecode.c.h; path = "fribidi-joining.h"; sourceTree = "<group>"; };
		1CFBBB5D1F554F83007F458F /* fribidi-mem.c */ = {isa = PBXFileReference; lastKnownFileType = sourcecode.c.c; path = "fribidi-mem.c"; sourceTree = "<group>"; };
		1CFBBB5E1F554F83007F458F /* fribidi-mirroring.c */ = {isa = PBXFileReference; lastKnownFileType = sourcecode.c.c; path = "fribidi-mirroring.c"; sourceTree = "<group>"; };
		1CFBBB5F1F554F83007F458F /* fribidi-mirroring.h */ = {isa = PBXFileReference; lastKnownFileType = sourcecode.c.h; path = "fribidi-mirroring.h"; sourceTree = "<group>"; };
		1CFBBB601F554F83007F458F /* fribidi-run.c */ = {isa = PBXFileReference; lastKnownFileType = sourcecode.c.c; path = "fribidi-run.c"; sourceTree = "<group>"; };
		1CFBBB611F554F83007F458F /* fribidi-shape.c */ = {isa = PBXFileReference; lastKnownFileType = sourcecode.c.c; path = "fribidi-shape.c"; sourceTree = "<group>"; };
		1CFBBB621F554F83007F458F /* fribidi-shape.h */ = {isa = PBXFileReference; lastKnownFileType = sourcecode.c.h; path = "fribidi-shape.h"; sourceTree = "<group>"; };
		1CFBBB631F554F83007F458F /* fribidi-types.h */ = {isa = PBXFileReference; lastKnownFileType = sourcecode.c.h; path = "fribidi-types.h"; sourceTree = "<group>"; };
		1CFBBB641F554F83007F458F /* fribidi-unicode-version.h */ = {isa = PBXFileReference; lastKnownFileType = sourcecode.c.h; path = "fribidi-unicode-version.h"; sourceTree = "<group>"; };
		1CFBBB651F554F83007F458F /* fribidi-unicode.h */ = {isa = PBXFileReference; lastKnownFileType = sourcecode.c.h; path = "fribidi-unicode.h"; sourceTree = "<group>"; };
		1CFBBB661F554F83007F458F /* fribidi.c */ = {isa = PBXFileReference; lastKnownFileType = sourcecode.c.c; path = fribidi.c; sourceTree = "<group>"; };
		1CFBBB671F554F83007F458F /* fribidi.def */ = {isa = PBXFileReference; lastKnownFileType = text; path = fribidi.def; sourceTree = "<group>"; };
		1CFBBB681F554F83007F458F /* fribidi.h */ = {isa = PBXFileReference; lastKnownFileType = sourcecode.c.h; path = fribidi.h; sourceTree = "<group>"; };
		1CFBBB6A1F554F83007F458F /* joining-type.tab.i */ = {isa = PBXFileReference; lastKnownFileType = sourcecode.c.c.preprocessed; path = "joining-type.tab.i"; sourceTree = "<group>"; };
		1CFBBB6B1F554F83007F458F /* joining-types.h */ = {isa = PBXFileReference; lastKnownFileType = sourcecode.c.h; path = "joining-types.h"; sourceTree = "<group>"; };
		1CFBBB6C1F554F83007F458F /* mem.h */ = {isa = PBXFileReference; lastKnownFileType = sourcecode.c.h; path = mem.h; sourceTree = "<group>"; };
		1CFBBB6D1F554F83007F458F /* mirroring.tab.i */ = {isa = PBXFileReference; lastKnownFileType = sourcecode.c.c.preprocessed; path = mirroring.tab.i; sourceTree = "<group>"; };
		1CFBBB6E1F554F83007F458F /* run.h */ = {isa = PBXFileReference; lastKnownFileType = sourcecode.c.h; path = run.h; sourceTree = "<group>"; };
/* End PBXFileReference section */

/* Begin PBXFrameworksBuildPhase section */
		1CC9B7A31F54168B002EF833 /* Frameworks */ = {
			isa = PBXFrameworksBuildPhase;
			buildActionMask = 2147483647;
			files = (
				1CFBB8FD1F554393007F458F /* Foundation.framework in Frameworks */,
				1C7C4D3C1F57ADCC005AA6B3 /* libfreetype.a in Frameworks */,
			);
			runOnlyForDeploymentPostprocessing = 0;
		};
/* End PBXFrameworksBuildPhase section */

/* Begin PBXGroup section */
		1C7C4C801F57ADCC005AA6B3 /* libfreetype */ = {
			isa = PBXGroup;
			children = (
				1C7C4C811F57ADCC005AA6B3 /* freetype */,
				1C7C4CDF1F57ADCC005AA6B3 /* ft2build.h */,
				1C7C4CE01F57ADCC005AA6B3 /* libfreetype.a */,
			);
			path = libfreetype;
			sourceTree = "<group>";
		};
		1C7C4C811F57ADCC005AA6B3 /* freetype */ = {
			isa = PBXGroup;
			children = (
				1C7C4C821F57ADCC005AA6B3 /* config */,
				1C7C4C881F57ADCC005AA6B3 /* freetype.h */,
				1C7C4C891F57ADCC005AA6B3 /* ftadvanc.h */,
				1C7C4C8A1F57ADCC005AA6B3 /* ftautoh.h */,
				1C7C4C8B1F57ADCC005AA6B3 /* ftbbox.h */,
				1C7C4C8C1F57ADCC005AA6B3 /* ftbdf.h */,
				1C7C4C8D1F57ADCC005AA6B3 /* ftbitmap.h */,
				1C7C4C8E1F57ADCC005AA6B3 /* ftbzip2.h */,
				1C7C4C8F1F57ADCC005AA6B3 /* ftcache.h */,
				1C7C4C901F57ADCC005AA6B3 /* ftcffdrv.h */,
				1C7C4C911F57ADCC005AA6B3 /* ftchapters.h */,
				1C7C4C921F57ADCC005AA6B3 /* ftcid.h */,
				1C7C4C931F57ADCC005AA6B3 /* fterrdef.h */,
				1C7C4C941F57ADCC005AA6B3 /* fterrors.h */,
				1C7C4C951F57ADCC005AA6B3 /* ftfntfmt.h */,
				1C7C4C961F57ADCC005AA6B3 /* ftgasp.h */,
				1C7C4C971F57ADCC005AA6B3 /* ftglyph.h */,
				1C7C4C981F57ADCC005AA6B3 /* ftgxval.h */,
				1C7C4C991F57ADCC005AA6B3 /* ftgzip.h */,
				1C7C4C9A1F57ADCC005AA6B3 /* ftimage.h */,
				1C7C4C9B1F57ADCC005AA6B3 /* ftincrem.h */,
				1C7C4C9C1F57ADCC005AA6B3 /* ftlcdfil.h */,
				1C7C4C9D1F57ADCC005AA6B3 /* ftlist.h */,
				1C7C4C9E1F57ADCC005AA6B3 /* ftlzw.h */,
				1C7C4C9F1F57ADCC005AA6B3 /* ftmac.h */,
				1C7C4CA01F57ADCC005AA6B3 /* ftmm.h */,
				1C7C4CA11F57ADCC005AA6B3 /* ftmodapi.h */,
				1C7C4CA21F57ADCC005AA6B3 /* ftmoderr.h */,
				1C7C4CA31F57ADCC005AA6B3 /* ftotval.h */,
				1C7C4CA41F57ADCC005AA6B3 /* ftoutln.h */,
				1C7C4CA51F57ADCC005AA6B3 /* ftpcfdrv.h */,
				1C7C4CA61F57ADCC005AA6B3 /* ftpfr.h */,
				1C7C4CA71F57ADCC005AA6B3 /* ftrender.h */,
				1C7C4CA81F57ADCC005AA6B3 /* ftsizes.h */,
				1C7C4CA91F57ADCC005AA6B3 /* ftsnames.h */,
				1C7C4CAA1F57ADCC005AA6B3 /* ftstroke.h */,
				1C7C4CAB1F57ADCC005AA6B3 /* ftsynth.h */,
				1C7C4CAC1F57ADCC005AA6B3 /* ftsystem.h */,
				1C7C4CAD1F57ADCC005AA6B3 /* fttrigon.h */,
				1C7C4CAE1F57ADCC005AA6B3 /* ftttdrv.h */,
				1C7C4CAF1F57ADCC005AA6B3 /* fttypes.h */,
				1C7C4CB01F57ADCC005AA6B3 /* ftwinfnt.h */,
				1C7C4CB11F57ADCC005AA6B3 /* internal */,
				1C7C4CDA1F57ADCC005AA6B3 /* t1tables.h */,
				1C7C4CDB1F57ADCC005AA6B3 /* ttnameid.h */,
				1C7C4CDC1F57ADCC005AA6B3 /* tttables.h */,
				1C7C4CDD1F57ADCC005AA6B3 /* tttags.h */,
				1C7C4CDE1F57ADCC005AA6B3 /* ttunpat.h */,
			);
			path = freetype;
			sourceTree = "<group>";
		};
		1C7C4C821F57ADCC005AA6B3 /* config */ = {
			isa = PBXGroup;
			children = (
				1C7C4C831F57ADCC005AA6B3 /* ftconfig.h */,
				1C7C4C841F57ADCC005AA6B3 /* ftheader.h */,
				1C7C4C851F57ADCC005AA6B3 /* ftmodule.h */,
				1C7C4C861F57ADCC005AA6B3 /* ftoption.h */,
				1C7C4C871F57ADCC005AA6B3 /* ftstdlib.h */,
			);
			path = config;
			sourceTree = "<group>";
		};
		1C7C4CB11F57ADCC005AA6B3 /* internal */ = {
			isa = PBXGroup;
			children = (
				1C7C4CB21F57ADCC005AA6B3 /* autohint.h */,
				1C7C4CB31F57ADCC005AA6B3 /* ftcalc.h */,
				1C7C4CB41F57ADCC005AA6B3 /* ftdebug.h */,
				1C7C4CB51F57ADCC005AA6B3 /* ftdriver.h */,
				1C7C4CB61F57ADCC005AA6B3 /* ftgloadr.h */,
				1C7C4CB71F57ADCC005AA6B3 /* fthash.h */,
				1C7C4CB81F57ADCC005AA6B3 /* ftmemory.h */,
				1C7C4CB91F57ADCC005AA6B3 /* ftobjs.h */,
				1C7C4CBA1F57ADCC005AA6B3 /* ftpic.h */,
				1C7C4CBB1F57ADCC005AA6B3 /* ftrfork.h */,
				1C7C4CBC1F57ADCC005AA6B3 /* ftserv.h */,
				1C7C4CBD1F57ADCC005AA6B3 /* ftstream.h */,
				1C7C4CBE1F57ADCC005AA6B3 /* fttrace.h */,
				1C7C4CBF1F57ADCC005AA6B3 /* ftvalid.h */,
				1C7C4CC01F57ADCC005AA6B3 /* internal.h */,
				1C7C4CC11F57ADCC005AA6B3 /* psaux.h */,
				1C7C4CC21F57ADCC005AA6B3 /* pshints.h */,
				1C7C4CC31F57ADCC005AA6B3 /* services */,
				1C7C4CD71F57ADCC005AA6B3 /* sfnt.h */,
				1C7C4CD81F57ADCC005AA6B3 /* t1types.h */,
				1C7C4CD91F57ADCC005AA6B3 /* tttypes.h */,
			);
			path = internal;
			sourceTree = "<group>";
		};
		1C7C4CC31F57ADCC005AA6B3 /* services */ = {
			isa = PBXGroup;
			children = (
				1C7C4CC41F57ADCC005AA6B3 /* svbdf.h */,
				1C7C4CC51F57ADCC005AA6B3 /* svcid.h */,
				1C7C4CC61F57ADCC005AA6B3 /* svfntfmt.h */,
				1C7C4CC71F57ADCC005AA6B3 /* svgldict.h */,
				1C7C4CC81F57ADCC005AA6B3 /* svgxval.h */,
				1C7C4CC91F57ADCC005AA6B3 /* svkern.h */,
				1C7C4CCA1F57ADCC005AA6B3 /* svmetric.h */,
				1C7C4CCB1F57ADCC005AA6B3 /* svmm.h */,
				1C7C4CCC1F57ADCC005AA6B3 /* svotval.h */,
				1C7C4CCD1F57ADCC005AA6B3 /* svpfr.h */,
				1C7C4CCE1F57ADCC005AA6B3 /* svpostnm.h */,
				1C7C4CCF1F57ADCC005AA6B3 /* svprop.h */,
				1C7C4CD01F57ADCC005AA6B3 /* svpscmap.h */,
				1C7C4CD11F57ADCC005AA6B3 /* svpsinfo.h */,
				1C7C4CD21F57ADCC005AA6B3 /* svsfnt.h */,
				1C7C4CD31F57ADCC005AA6B3 /* svttcmap.h */,
				1C7C4CD41F57ADCC005AA6B3 /* svtteng.h */,
				1C7C4CD51F57ADCC005AA6B3 /* svttglyf.h */,
				1C7C4CD61F57ADCC005AA6B3 /* svwinfnt.h */,
			);
			path = services;
			sourceTree = "<group>";
		};
		1CC9B79D1F54168B002EF833 = {
			isa = PBXGroup;
			children = (
				1C7C4C801F57ADCC005AA6B3 /* libfreetype */,
				1CFBB62C1F553FE0007F458F /* libfribidi */,
				1CC9B7F21F5416FA002EF833 /* libass */,
				1CC9B7A81F54168B002EF833 /* libassIOS */,
				1CC9B7A71F54168B002EF833 /* Products */,
				1CFBB8FB1F554393007F458F /* Frameworks */,
			);
			sourceTree = "<group>";
		};
		1CC9B7A71F54168B002EF833 /* Products */ = {
			isa = PBXGroup;
			children = (
				1CC9B7A61F54168B002EF833 /* liblibassIOS.a */,
			);
			name = Products;
			sourceTree = "<group>";
		};
		1CC9B7A81F54168B002EF833 /* libassIOS */ = {
			isa = PBXGroup;
			children = (
				1CC9B7A91F54168B002EF833 /* libassIOS.h */,
				1CC9B7AA1F54168B002EF833 /* libassIOS.m */,
			);
			path = libassIOS;
			sourceTree = "<group>";
		};
		1CC9B7F21F5416FA002EF833 /* libass */ = {
			isa = PBXGroup;
			children = (
				1CC9B7F31F5416FA002EF833 /* ass.c */,
				1CC9B7F41F5416FA002EF833 /* ass.h */,
				1CC9B7F51F5416FA002EF833 /* ass_bitmap.c */,
				1CC9B7F61F5416FA002EF833 /* ass_bitmap.h */,
				1CC9B7F71F5416FA002EF833 /* ass_blur.c */,
				1CC9B7F81F5416FA002EF833 /* ass_cache.c */,
				1CC9B7F91F5416FA002EF833 /* ass_cache.h */,
				1CC9B7FA1F5416FA002EF833 /* ass_cache_template.h */,
				1CC9B7FB1F5416FA002EF833 /* ass_compat.h */,
				1CC9B7FC1F5416FA002EF833 /* ass_coretext.c */,
				1CC9B7FD1F5416FA002EF833 /* ass_coretext.h */,
				1CC9B8001F5416FA002EF833 /* ass_drawing.c */,
				1CC9B8011F5416FA002EF833 /* ass_drawing.h */,
				1CC9B8021F5416FA002EF833 /* ass_font.c */,
				1CC9B8031F5416FA002EF833 /* ass_font.h */,
				1CC9B8041F5416FA002EF833 /* ass_fontconfig.c */,
				1CC9B8051F5416FA002EF833 /* ass_fontconfig.h */,
				1CC9B8061F5416FA002EF833 /* ass_fontselect.c */,
				1CC9B8071F5416FA002EF833 /* ass_fontselect.h */,
				1CC9B8081F5416FA002EF833 /* ass_func_template.h */,
				1CC9B8091F5416FA002EF833 /* ass_library.c */,
				1CC9B80A1F5416FA002EF833 /* ass_library.h */,
				1CC9B80B1F5416FA002EF833 /* ass_outline.c */,
				1CC9B80C1F5416FA002EF833 /* ass_outline.h */,
				1CC9B80D1F5416FA002EF833 /* ass_parse.c */,
				1CC9B80E1F5416FA002EF833 /* ass_parse.h */,
				1CC9B80F1F5416FA002EF833 /* ass_rasterizer.c */,
				1CC9B8101F5416FA002EF833 /* ass_rasterizer.h */,
				1CC9B8111F5416FA002EF833 /* ass_rasterizer_c.c */,
				1CC9B8121F5416FA002EF833 /* ass_render.c */,
				1CC9B8131F5416FA002EF833 /* ass_render.h */,
				1CC9B8141F5416FA002EF833 /* ass_render_api.c */,
				1CC9B8151F5416FA002EF833 /* ass_shaper.c */,
				1CC9B8161F5416FA002EF833 /* ass_shaper.h */,
				1CC9B8171F5416FA002EF833 /* ass_string.c */,
				1CC9B8181F5416FA002EF833 /* ass_string.h */,
				1CC9B8191F5416FA002EF833 /* ass_strtod.c */,
				1CC9B81A1F5416FA002EF833 /* ass_types.h */,
				1CC9B81B1F5416FA002EF833 /* ass_utils.c */,
				1CC9B81C1F5416FA002EF833 /* ass_utils.h */,
				1CC9B81D1F5416FA002EF833 /* dwrite_c.h */,
			);
			path = libass;
			sourceTree = "<group>";
		};
		1CFBB62C1F553FE0007F458F /* libfribidi */ = {
			isa = PBXGroup;
			children = (
				1CFBBB331F554F83007F458F /* charset */,
				1CFBBB431F554F83007F458F /* lib */,
			);
			path = libfribidi;
			sourceTree = "<group>";
		};
		1CFBB8FB1F554393007F458F /* Frameworks */ = {
			isa = PBXGroup;
			children = (
				1CFBB8FC1F554393007F458F /* Foundation.framework */,
			);
			name = Frameworks;
			sourceTree = "<group>";
		};
		1CFBBB331F554F83007F458F /* charset */ = {
			isa = PBXGroup;
			children = (
				1CFBBB341F554F83007F458F /* fribidi-char-sets-cap-rtl.c */,
				1CFBBB351F554F83007F458F /* fribidi-char-sets-cap-rtl.h */,
				1CFBBB361F554F83007F458F /* fribidi-char-sets-cp1255.c */,
				1CFBBB371F554F83007F458F /* fribidi-char-sets-cp1255.h */,
				1CFBBB381F554F83007F458F /* fribidi-char-sets-cp1256.c */,
				1CFBBB391F554F83007F458F /* fribidi-char-sets-cp1256.h */,
				1CFBBB3A1F554F83007F458F /* fribidi-char-sets-iso8859-6.c */,
				1CFBBB3B1F554F83007F458F /* fribidi-char-sets-iso8859-6.h */,
				1CFBBB3C1F554F83007F458F /* fribidi-char-sets-iso8859-8.c */,
				1CFBBB3D1F554F83007F458F /* fribidi-char-sets-iso8859-8.h */,
				1CFBBB3E1F554F83007F458F /* fribidi-char-sets-list.h */,
				1CFBBB3F1F554F83007F458F /* fribidi-char-sets-utf8.c */,
				1CFBBB401F554F83007F458F /* fribidi-char-sets-utf8.h */,
				1CFBBB411F554F83007F458F /* fribidi-char-sets.c */,
				1CFBBB421F554F83007F458F /* fribidi-char-sets.h */,
			);
			path = charset;
			sourceTree = "<group>";
		};
		1CFBBB431F554F83007F458F /* lib */ = {
			isa = PBXGroup;
			children = (
				1CFBBB441F554F83007F458F /* arabic-misc.tab.i */,
				1CFBBB451F554F83007F458F /* arabic-shaping.tab.i */,
				1CFBBB461F554F83007F458F /* bidi-type.tab.i */,
				1CFBBB471F554F83007F458F /* bidi-types.h */,
				1CFBBB481F554F83007F458F /* common.h */,
				1CFBBB491F554F83007F458F /* debug.h */,
				1CFBBB4A1F554F83007F458F /* fribidi-arabic.c */,
				1CFBBB4B1F554F83007F458F /* fribidi-arabic.h */,
				1CFBBB4C1F554F83007F458F /* fribidi-begindecls.h */,
				1CFBBB4D1F554F83007F458F /* fribidi-bidi-types-list.h */,
				1CFBBB4E1F554F83007F458F /* fribidi-bidi-types.c */,
				1CFBBB4F1F554F83007F458F /* fribidi-bidi-types.h */,
				1CFBBB501F554F83007F458F /* fribidi-bidi.c */,
				1CFBBB511F554F83007F458F /* fribidi-bidi.h */,
				1CFBBB521F554F83007F458F /* fribidi-common.h */,
				1CFBBB531F554F83007F458F /* fribidi-config.h */,
				1CFBBB541F554F83007F458F /* fribidi-deprecated.c */,
				1CFBBB551F554F83007F458F /* fribidi-deprecated.h */,
				1CFBBB561F554F83007F458F /* fribidi-enddecls.h */,
				1CFBBB571F554F83007F458F /* fribidi-flags.h */,
				1CFBBB581F554F83007F458F /* fribidi-joining-types-list.h */,
				1CFBBB591F554F83007F458F /* fribidi-joining-types.c */,
				1CFBBB5A1F554F83007F458F /* fribidi-joining-types.h */,
				1CFBBB5B1F554F83007F458F /* fribidi-joining.c */,
				1CFBBB5C1F554F83007F458F /* fribidi-joining.h */,
				1CFBBB5D1F554F83007F458F /* fribidi-mem.c */,
				1CFBBB5E1F554F83007F458F /* fribidi-mirroring.c */,
				1CFBBB5F1F554F83007F458F /* fribidi-mirroring.h */,
				1CFBBB601F554F83007F458F /* fribidi-run.c */,
				1CFBBB611F554F83007F458F /* fribidi-shape.c */,
				1CFBBB621F554F83007F458F /* fribidi-shape.h */,
				1CFBBB631F554F83007F458F /* fribidi-types.h */,
				1CFBBB641F554F83007F458F /* fribidi-unicode-version.h */,
				1CFBBB651F554F83007F458F /* fribidi-unicode.h */,
				1CFBBB661F554F83007F458F /* fribidi.c */,
				1CFBBB671F554F83007F458F /* fribidi.def */,
				1CFBBB681F554F83007F458F /* fribidi.h */,
				1CFBBB6A1F554F83007F458F /* joining-type.tab.i */,
				1CFBBB6B1F554F83007F458F /* joining-types.h */,
				1CFBBB6C1F554F83007F458F /* mem.h */,
				1CFBBB6D1F554F83007F458F /* mirroring.tab.i */,
				1CFBBB6E1F554F83007F458F /* run.h */,
			);
			path = lib;
			sourceTree = "<group>";
		};
/* End PBXGroup section */

/* Begin PBXHeadersBuildPhase section */
		1CFBB7DA1F55423A007F458F /* Headers */ = {
			isa = PBXHeadersBuildPhase;
			buildActionMask = 2147483647;
			files = (
				1C7C4CE61F57ADCC005AA6B3 /* freetype.h in Headers */,
				1C7C4CED1F57ADCC005AA6B3 /* ftcache.h in Headers */,
				1CFBBBA41F555606007F458F /* debug.h in Headers */,
				1C7C4D211F57ADCC005AA6B3 /* svcid.h in Headers */,
				1C7C4D091F57ADCC005AA6B3 /* ftsynth.h in Headers */,
				1C7C4D2C1F57ADCC005AA6B3 /* svpscmap.h in Headers */,
				1C7C4CF61F57ADCC005AA6B3 /* ftgxval.h in Headers */,
				1C7C4D321F57ADCC005AA6B3 /* svwinfnt.h in Headers */,
				1C7C4CFC1F57ADCC005AA6B3 /* ftlzw.h in Headers */,
				1C7C4CEC1F57ADCC005AA6B3 /* ftbzip2.h in Headers */,
				1CFBBB951F5555FE007F458F /* fribidi-begindecls.h in Headers */,
				1CFBB97F1F5547FB007F458F /* ass_outline.h in Headers */,
				1C7C4D151F57ADCC005AA6B3 /* ftmemory.h in Headers */,
				1C7C4D171F57ADCC005AA6B3 /* ftpic.h in Headers */,
				1CFBB9831F5547FB007F458F /* ass_shaper.h in Headers */,
				1CFBBBAD1F55561C007F458F /* fribidi-mirroring.h in Headers */,
				1CFBB9861F5547FB007F458F /* ass_utils.h in Headers */,
				1CFBBBB41F555626007F458F /* fribidi-unicode.h in Headers */,
				1CFBBB941F5555FE007F458F /* fribidi-arabic.h in Headers */,
				1C7C4CF71F57ADCC005AA6B3 /* ftgzip.h in Headers */,
				1C7C4D191F57ADCC005AA6B3 /* ftserv.h in Headers */,
				1C7C4CE91F57ADCC005AA6B3 /* ftbbox.h in Headers */,
				1C7C4D0E1F57ADCC005AA6B3 /* ftwinfnt.h in Headers */,
				1CFBBB851F5555BD007F458F /* fribidi-char-sets-cap-rtl.h in Headers */,
				1CFBB97E1F5547FB007F458F /* ass_library.h in Headers */,
				1C7C4D331F57ADCC005AA6B3 /* sfnt.h in Headers */,
				1CFBBB961F5555FE007F458F /* fribidi-bidi-types-list.h in Headers */,
				1C7C4CF11F57ADCC005AA6B3 /* fterrdef.h in Headers */,
				1C7C4CEB1F57ADCC005AA6B3 /* ftbitmap.h in Headers */,
				1C7C4D2B1F57ADCC005AA6B3 /* svprop.h in Headers */,
				1C7C4CF41F57ADCC005AA6B3 /* ftgasp.h in Headers */,
				1CFBB97B1F5547FB007F458F /* ass_fontconfig.h in Headers */,
				1CFBBB891F5555BD007F458F /* fribidi-char-sets-cp1256.h in Headers */,
				1C7C4D001F57ADCC005AA6B3 /* ftmoderr.h in Headers */,
				1CFBB9761F5547FB007F458F /* ass_cache_template.h in Headers */,
				1CFBBB931F5555C9007F458F /* bidi-types.h in Headers */,
				1C7C4D231F57ADCC005AA6B3 /* svgldict.h in Headers */,
				1C7C4D081F57ADCC005AA6B3 /* ftstroke.h in Headers */,
				1CFBB9781F5547FB007F458F /* ass_coretext.h in Headers */,
				1C7C4D0F1F57ADCC005AA6B3 /* autohint.h in Headers */,
				1CFBBB9E1F5555FE007F458F /* fribidi-deprecated.h in Headers */,
				1C7C4D031F57ADCC005AA6B3 /* ftpcfdrv.h in Headers */,
				1C7C4CF21F57ADCC005AA6B3 /* fterrors.h in Headers */,
				1CFBBBB21F555626007F458F /* fribidi-types.h in Headers */,
				1CFBBBBB1F555636007F458F /* run.h in Headers */,
				1CFBB97A1F5547FB007F458F /* ass_font.h in Headers */,
				1C7C4D2A1F57ADCC005AA6B3 /* svpostnm.h in Headers */,
				1CFBB9821F5547FB007F458F /* ass_render.h in Headers */,
				1C7C4D1C1F57ADCC005AA6B3 /* ftvalid.h in Headers */,
				1CFBBBB61F555636007F458F /* fribidi.h in Headers */,
				1C7C4D0B1F57ADCC005AA6B3 /* fttrigon.h in Headers */,
				1CFBBBA11F5555FE007F458F /* fribidi-joining-types-list.h in Headers */,
				1CFBB9751F5547FB007F458F /* ass_cache.h in Headers */,
				1C7C4D241F57ADCC005AA6B3 /* svgxval.h in Headers */,
				1C7C4D1E1F57ADCC005AA6B3 /* psaux.h in Headers */,
				1C7C4D131F57ADCC005AA6B3 /* ftgloadr.h in Headers */,
				1CFBBB8E1F5555BD007F458F /* fribidi-char-sets-list.h in Headers */,
				1CFBBBA31F555606007F458F /* common.h in Headers */,
				1C7C4D011F57ADCC005AA6B3 /* ftotval.h in Headers */,
				1C7C4D381F57ADCC005AA6B3 /* tttables.h in Headers */,
				1C7C4CEF1F57ADCC005AA6B3 /* ftchapters.h in Headers */,
				1C7C4D271F57ADCC005AA6B3 /* svmm.h in Headers */,
				1C7C4D181F57ADCC005AA6B3 /* ftrfork.h in Headers */,
				1CFBB97C1F5547FB007F458F /* ass_fontselect.h in Headers */,
				1C7C4D351F57ADCC005AA6B3 /* tttypes.h in Headers */,
				1C7C4D261F57ADCC005AA6B3 /* svmetric.h in Headers */,
				1C7C4D291F57ADCC005AA6B3 /* svpfr.h in Headers */,
				1C7C4CE11F57ADCC005AA6B3 /* ftconfig.h in Headers */,
				1C7C4D301F57ADCC005AA6B3 /* svtteng.h in Headers */,
				1C7C4D311F57ADCC005AA6B3 /* svttglyf.h in Headers */,
				1C7C4D221F57ADCC005AA6B3 /* svfntfmt.h in Headers */,
				1C7C4D3B1F57ADCC005AA6B3 /* ft2build.h in Headers */,
				1C7C4D1D1F57ADCC005AA6B3 /* internal.h in Headers */,
				1C7C4CEE1F57ADCC005AA6B3 /* ftcffdrv.h in Headers */,
				1CFBBB9F1F5555FE007F458F /* fribidi-enddecls.h in Headers */,
				1C7C4D281F57ADCC005AA6B3 /* svotval.h in Headers */,
				1C7C4D041F57ADCC005AA6B3 /* ftpfr.h in Headers */,
				1C7C4D1F1F57ADCC005AA6B3 /* pshints.h in Headers */,
				1CFBBB901F5555BD007F458F /* fribidi-char-sets-utf8.h in Headers */,
				1C7C4CF31F57ADCC005AA6B3 /* ftfntfmt.h in Headers */,
				1CFBB9871F5547FB007F458F /* dwrite_c.h in Headers */,
				1C7C4D121F57ADCC005AA6B3 /* ftdriver.h in Headers */,
				1C7C4D391F57ADCC005AA6B3 /* tttags.h in Headers */,
				1CFBBBB31F555626007F458F /* fribidi-unicode-version.h in Headers */,
				1CFBB9771F5547FB007F458F /* ass_compat.h in Headers */,
				1C7C4CFF1F57ADCC005AA6B3 /* ftmodapi.h in Headers */,
				1C7C4D101F57ADCC005AA6B3 /* ftcalc.h in Headers */,
				1C7C4CFD1F57ADCC005AA6B3 /* ftmac.h in Headers */,
				1C7C4CFE1F57ADCC005AA6B3 /* ftmm.h in Headers */,
				1C7C4CEA1F57ADCC005AA6B3 /* ftbdf.h in Headers */,
				1C7C4D2D1F57ADCC005AA6B3 /* svpsinfo.h in Headers */,
				1C7C4CFB1F57ADCC005AA6B3 /* ftlist.h in Headers */,
				1CFBB97D1F5547FB007F458F /* ass_func_template.h in Headers */,
				1CFBBBB91F555636007F458F /* mem.h in Headers */,
				1C7C4D141F57ADCC005AA6B3 /* fthash.h in Headers */,
				1C7C4D051F57ADCC005AA6B3 /* ftrender.h in Headers */,
				1C7C4CE31F57ADCC005AA6B3 /* ftmodule.h in Headers */,
				1C7C4CE21F57ADCC005AA6B3 /* ftheader.h in Headers */,
				1CFBBB9A1F5555FE007F458F /* fribidi-bidi.h in Headers */,
				1C7C4CF51F57ADCC005AA6B3 /* ftglyph.h in Headers */,
				1CFBBBB81F555636007F458F /* joining-types.h in Headers */,
				1C7C4CE81F57ADCC005AA6B3 /* ftautoh.h in Headers */,
				1CFBBB981F5555FE007F458F /* fribidi-bidi-types.h in Headers */,
				1CFBB9791F5547FB007F458F /* ass_drawing.h in Headers */,
				1CFBB9841F5547FB007F458F /* ass_string.h in Headers */,
				1CFBB9811F5547FB007F458F /* ass_rasterizer.h in Headers */,
				1C7C4CE41F57ADCC005AA6B3 /* ftoption.h in Headers */,
				1C7C4D341F57ADCC005AA6B3 /* t1types.h in Headers */,
				1CFBBBB11F555626007F458F /* fribidi-shape.h in Headers */,
				1CFBBB8B1F5555BD007F458F /* fribidi-char-sets-iso8859-6.h in Headers */,
				1C7C4D071F57ADCC005AA6B3 /* ftsnames.h in Headers */,
				1CFBBB8D1F5555BD007F458F /* fribidi-char-sets-iso8859-8.h in Headers */,
				1CFBB9731F5547FB007F458F /* ass.h in Headers */,
				1CFBBBA01F5555FE007F458F /* fribidi-flags.h in Headers */,
				1C7C4D111F57ADCC005AA6B3 /* ftdebug.h in Headers */,
				1C7C4CE51F57ADCC005AA6B3 /* ftstdlib.h in Headers */,
				1CFBB9851F5547FB007F458F /* ass_types.h in Headers */,
				1C7C4D2F1F57ADCC005AA6B3 /* svttcmap.h in Headers */,
				1CFBBB921F5555BD007F458F /* fribidi-char-sets.h in Headers */,
				1C7C4CF81F57ADCC005AA6B3 /* ftimage.h in Headers */,
				1C7C4CE71F57ADCC005AA6B3 /* ftadvanc.h in Headers */,
				1CFBBB871F5555BD007F458F /* fribidi-char-sets-cp1255.h in Headers */,
				1CFBBBA81F55561C007F458F /* fribidi-joining-types.h in Headers */,
				1C7C4CFA1F57ADCC005AA6B3 /* ftlcdfil.h in Headers */,
				1C7C4D2E1F57ADCC005AA6B3 /* svsfnt.h in Headers */,
				1C7C4D371F57ADCC005AA6B3 /* ttnameid.h in Headers */,
				1C7C4D251F57ADCC005AA6B3 /* svkern.h in Headers */,
				1C7C4D061F57ADCC005AA6B3 /* ftsizes.h in Headers */,
				1C7C4D361F57ADCC005AA6B3 /* t1tables.h in Headers */,
				1CFBBB9B1F5555FE007F458F /* fribidi-common.h in Headers */,
				1C7C4CF01F57ADCC005AA6B3 /* ftcid.h in Headers */,
				1CFBBBAA1F55561C007F458F /* fribidi-joining.h in Headers */,
				1C7C4D201F57ADCC005AA6B3 /* svbdf.h in Headers */,
				1C7C4D1A1F57ADCC005AA6B3 /* ftstream.h in Headers */,
				1C7C4D1B1F57ADCC005AA6B3 /* fttrace.h in Headers */,
				1C7C4D0C1F57ADCC005AA6B3 /* ftttdrv.h in Headers */,
				1C7C4D021F57ADCC005AA6B3 /* ftoutln.h in Headers */,
				1CFBBB9C1F5555FE007F458F /* fribidi-config.h in Headers */,
				1C7C4D161F57ADCC005AA6B3 /* ftobjs.h in Headers */,
				1C7C4CF91F57ADCC005AA6B3 /* ftincrem.h in Headers */,
				1C7C4D0D1F57ADCC005AA6B3 /* fttypes.h in Headers */,
				1CFBB9741F5547FB007F458F /* ass_bitmap.h in Headers */,
				1CFBB9801F5547FB007F458F /* ass_parse.h in Headers */,
				1C7C4D0A1F57ADCC005AA6B3 /* ftsystem.h in Headers */,
				1C7C4D3A1F57ADCC005AA6B3 /* ttunpat.h in Headers */,
			);
			runOnlyForDeploymentPostprocessing = 0;
		};
/* End PBXHeadersBuildPhase section */

/* Begin PBXNativeTarget section */
		1CC9B7A51F54168B002EF833 /* libassIOS */ = {
			isa = PBXNativeTarget;
			buildConfigurationList = 1CC9B7AF1F54168B002EF833 /* Build configuration list for PBXNativeTarget "libassIOS" */;
			buildPhases = (
				1CFBB7DA1F55423A007F458F /* Headers */,
				1CC9B7A21F54168B002EF833 /* Sources */,
				1CC9B7A31F54168B002EF833 /* Frameworks */,
				1CC9B7A41F54168B002EF833 /* CopyFiles */,
			);
			buildRules = (
			);
			dependencies = (
			);
			name = libassIOS;
			productName = libassIOS;
			productReference = 1CC9B7A61F54168B002EF833 /* liblibassIOS.a */;
			productType = "com.apple.product-type.library.static";
		};
/* End PBXNativeTarget section */

/* Begin PBXProject section */
		1CC9B79E1F54168B002EF833 /* Project object */ = {
			isa = PBXProject;
			attributes = {
				LastUpgradeCheck = 0830;
				ORGANIZATIONNAME = johnsong;
				TargetAttributes = {
					1CC9B7A51F54168B002EF833 = {
						CreatedOnToolsVersion = 8.3.3;
						DevelopmentTeam = HUQV62VUN8;
						ProvisioningStyle = Automatic;
					};
				};
			};
			buildConfigurationList = 1CC9B7A11F54168B002EF833 /* Build configuration list for PBXProject "libassIOS" */;
			compatibilityVersion = "Xcode 3.2";
			developmentRegion = English;
			hasScannedForEncodings = 0;
			knownRegions = (
				en,
			);
			mainGroup = 1CC9B79D1F54168B002EF833;
			productRefGroup = 1CC9B7A71F54168B002EF833 /* Products */;
			projectDirPath = "";
			projectRoot = "";
			targets = (
				1CC9B7A51F54168B002EF833 /* libassIOS */,
			);
		};
/* End PBXProject section */

/* Begin PBXSourcesBuildPhase section */
		1CC9B7A21F54168B002EF833 /* Sources */ = {
			isa = PBXSourcesBuildPhase;
			buildActionMask = 2147483647;
			files = (
				1CC5791C1F5433F5000A4B82 /* ass_fontconfig.c in Sources */,
				1CC5791F1F5433F5000A4B82 /* ass_outline.c in Sources */,
				1CFBBBA91F55561C007F458F /* fribidi-joining.c in Sources */,
				1CC579261F5433F5000A4B82 /* ass_string.c in Sources */,
				1CC5791D1F5433F5000A4B82 /* ass_fontselect.c in Sources */,
				1CFBBB8A1F5555BD007F458F /* fribidi-char-sets-iso8859-6.c in Sources */,
				1CFBBB861F5555BD007F458F /* fribidi-char-sets-cp1255.c in Sources */,
				1CC5791A1F5433F5000A4B82 /* ass_drawing.c in Sources */,
				1CFBBB991F5555FE007F458F /* fribidi-bidi.c in Sources */,
				1CFBBB8F1F5555BD007F458F /* fribidi-char-sets-utf8.c in Sources */,
				1CFBBBA21F555602007F458F /* fribidi-arabic.c in Sources */,
				1CFBBBB01F555626007F458F /* fribidi-shape.c in Sources */,
				1CFBBB911F5555BD007F458F /* fribidi-char-sets.c in Sources */,
				1CC579171F5433F5000A4B82 /* ass_cache.c in Sources */,
				1CC9B7AB1F54168B002EF833 /* libassIOS.m in Sources */,
				1CC579221F5433F5000A4B82 /* ass_rasterizer_c.c in Sources */,
				1CC5791E1F5433F5000A4B82 /* ass_library.c in Sources */,
				1CFBBB9D1F5555FE007F458F /* fribidi-deprecated.c in Sources */,
				1CFBBB8C1F5555BD007F458F /* fribidi-char-sets-iso8859-8.c in Sources */,
				1CC579241F5433F5000A4B82 /* ass_render_api.c in Sources */,
				1CC579211F5433F5000A4B82 /* ass_rasterizer.c in Sources */,
				1CC579141F5433F5000A4B82 /* ass.c in Sources */,
				1CC579231F5433F5000A4B82 /* ass_render.c in Sources */,
				1CFBBBAC1F55561C007F458F /* fribidi-mirroring.c in Sources */,
				1CFBBB971F5555FE007F458F /* fribidi-bidi-types.c in Sources */,
				1CFBBBAF1F555626007F458F /* fribidi-run.c in Sources */,
				1CC579181F5433F5000A4B82 /* ass_coretext.c in Sources */,
				1CC5791B1F5433F5000A4B82 /* ass_font.c in Sources */,
				1CC579281F5433F5000A4B82 /* ass_utils.c in Sources */,
				1CFBBBAE1F55561F007F458F /* fribidi-joining-types.c in Sources */,
				1CFBBB881F5555BD007F458F /* fribidi-char-sets-cp1256.c in Sources */,
				1CC579271F5433F5000A4B82 /* ass_strtod.c in Sources */,
				1CC579161F5433F5000A4B82 /* ass_blur.c in Sources */,
				1CFBBBB51F555636007F458F /* fribidi.c in Sources */,
				1CFBBB841F5555BD007F458F /* fribidi-char-sets-cap-rtl.c in Sources */,
				1CC579201F5433F5000A4B82 /* ass_parse.c in Sources */,
				1CC579151F5433F5000A4B82 /* ass_bitmap.c in Sources */,
				1CC579251F5433F5000A4B82 /* ass_shaper.c in Sources */,
				1CFBBBAB1F55561C007F458F /* fribidi-mem.c in Sources */,
			);
			runOnlyForDeploymentPostprocessing = 0;
		};
/* End PBXSourcesBuildPhase section */

/* Begin XCBuildConfiguration section */
		1CC9B7AD1F54168B002EF833 /* Debug */ = {
			isa = XCBuildConfiguration;
			buildSettings = {
				ALWAYS_SEARCH_USER_PATHS = NO;
				CLANG_ANALYZER_NONNULL = YES;
				CLANG_ANALYZER_NUMBER_OBJECT_CONVERSION = YES_AGGRESSIVE;
				CLANG_CXX_LANGUAGE_STANDARD = "gnu++0x";
				CLANG_CXX_LIBRARY = "libc++";
				CLANG_ENABLE_MODULES = YES;
				CLANG_ENABLE_OBJC_ARC = YES;
				CLANG_WARN_BOOL_CONVERSION = YES;
				CLANG_WARN_CONSTANT_CONVERSION = YES;
				CLANG_WARN_DIRECT_OBJC_ISA_USAGE = YES_ERROR;
				CLANG_WARN_DOCUMENTATION_COMMENTS = YES;
				CLANG_WARN_EMPTY_BODY = YES;
				CLANG_WARN_ENUM_CONVERSION = YES;
				CLANG_WARN_INFINITE_RECURSION = YES;
				CLANG_WARN_INT_CONVERSION = YES;
				CLANG_WARN_OBJC_ROOT_CLASS = YES_ERROR;
				CLANG_WARN_SUSPICIOUS_MOVE = YES;
				CLANG_WARN_UNREACHABLE_CODE = YES;
				CLANG_WARN__DUPLICATE_METHOD_MATCH = YES;
				"CODE_SIGN_IDENTITY[sdk=iphoneos*]" = "iPhone Developer";
				COPY_PHASE_STRIP = NO;
				DEBUG_INFORMATION_FORMAT = dwarf;
				ENABLE_STRICT_OBJC_MSGSEND = YES;
				ENABLE_TESTABILITY = YES;
				GCC_C_LANGUAGE_STANDARD = gnu99;
				GCC_DYNAMIC_NO_PIC = NO;
				GCC_NO_COMMON_BLOCKS = YES;
				GCC_OPTIMIZATION_LEVEL = 0;
				GCC_PREPROCESSOR_DEFINITIONS = (
					"DEBUG=1",
					"$(inherited)",
				);
				GCC_WARN_64_TO_32_BIT_CONVERSION = YES;
				GCC_WARN_ABOUT_RETURN_TYPE = YES_ERROR;
				GCC_WARN_UNDECLARED_SELECTOR = YES;
				GCC_WARN_UNINITIALIZED_AUTOS = YES_AGGRESSIVE;
				GCC_WARN_UNUSED_FUNCTION = YES;
				GCC_WARN_UNUSED_VARIABLE = YES;
				IPHONEOS_DEPLOYMENT_TARGET = 10.3;
				MTL_ENABLE_DEBUG_INFO = YES;
				ONLY_ACTIVE_ARCH = YES;
				SDKROOT = iphoneos;
			};
			name = Debug;
		};
		1CC9B7AE1F54168B002EF833 /* Release */ = {
			isa = XCBuildConfiguration;
			buildSettings = {
				ALWAYS_SEARCH_USER_PATHS = NO;
				CLANG_ANALYZER_NONNULL = YES;
				CLANG_ANALYZER_NUMBER_OBJECT_CONVERSION = YES_AGGRESSIVE;
				CLANG_CXX_LANGUAGE_STANDARD = "gnu++0x";
				CLANG_CXX_LIBRARY = "libc++";
				CLANG_ENABLE_MODULES = YES;
				CLANG_ENABLE_OBJC_ARC = YES;
				CLANG_WARN_BOOL_CONVERSION = YES;
				CLANG_WARN_CONSTANT_CONVERSION = YES;
				CLANG_WARN_DIRECT_OBJC_ISA_USAGE = YES_ERROR;
				CLANG_WARN_DOCUMENTATION_COMMENTS = YES;
				CLANG_WARN_EMPTY_BODY = YES;
				CLANG_WARN_ENUM_CONVERSION = YES;
				CLANG_WARN_INFINITE_RECURSION = YES;
				CLANG_WARN_INT_CONVERSION = YES;
				CLANG_WARN_OBJC_ROOT_CLASS = YES_ERROR;
				CLANG_WARN_SUSPICIOUS_MOVE = YES;
				CLANG_WARN_UNREACHABLE_CODE = YES;
				CLANG_WARN__DUPLICATE_METHOD_MATCH = YES;
				"CODE_SIGN_IDENTITY[sdk=iphoneos*]" = "iPhone Developer";
				COPY_PHASE_STRIP = NO;
				DEBUG_INFORMATION_FORMAT = "dwarf-with-dsym";
				ENABLE_NS_ASSERTIONS = NO;
				ENABLE_STRICT_OBJC_MSGSEND = YES;
				GCC_C_LANGUAGE_STANDARD = gnu99;
				GCC_NO_COMMON_BLOCKS = YES;
				GCC_WARN_64_TO_32_BIT_CONVERSION = YES;
				GCC_WARN_ABOUT_RETURN_TYPE = YES_ERROR;
				GCC_WARN_UNDECLARED_SELECTOR = YES;
				GCC_WARN_UNINITIALIZED_AUTOS = YES_AGGRESSIVE;
				GCC_WARN_UNUSED_FUNCTION = YES;
				GCC_WARN_UNUSED_VARIABLE = YES;
				IPHONEOS_DEPLOYMENT_TARGET = 10.3;
				MTL_ENABLE_DEBUG_INFO = NO;
				SDKROOT = iphoneos;
				VALIDATE_PRODUCT = YES;
			};
			name = Release;
		};
		1CC9B7B01F54168B002EF833 /* Debug */ = {
			isa = XCBuildConfiguration;
			buildSettings = {
				DEVELOPMENT_TEAM = HUQV62VUN8;
				FRAMEWORK_SEARCH_PATHS = (
					libfribidi,
					libfreetype,
				);
				HEADER_SEARCH_PATHS = (
					libfreetype/freetype/internal,
					libfreetype/freetype/config,
					libfreetype/freetype,
					libfribidi/charset,
					libfribidi/lib,
					libfreetype,
				);
				LIBRARY_SEARCH_PATHS = (
					"$(inherited)",
					"$(PROJECT_DIR)",
					"$(PROJECT_DIR)/libfreetype",
					"$(PROJECT_DIR)/libfribidi",
				);
				ONLY_ACTIVE_ARCH = NO;
				OTHER_LDFLAGS = "-ObjC";
				PRODUCT_NAME = "$(TARGET_NAME)";
				SKIP_INSTALL = YES;
			};
			name = Debug;
		};
		1CC9B7B11F54168B002EF833 /* Release */ = {
			isa = XCBuildConfiguration;
			buildSettings = {
				DEVELOPMENT_TEAM = HUQV62VUN8;
				FRAMEWORK_SEARCH_PATHS = (
					libfribidi,
					libfreetype,
				);
				HEADER_SEARCH_PATHS = (
					libfreetype/freetype/internal,
					libfreetype/freetype/config,
					libfreetype/freetype,
					libfribidi/charset,
					libfribidi/lib,
					libfreetype,
				);
				LIBRARY_SEARCH_PATHS = (
					"$(inherited)",
					"$(PROJECT_DIR)",
					"$(PROJECT_DIR)/libfreetype",
					"$(PROJECT_DIR)/libfribidi",
				);
				ONLY_ACTIVE_ARCH = NO;
				OTHER_LDFLAGS = "-ObjC";
				PRODUCT_NAME = "$(TARGET_NAME)";
				SKIP_INSTALL = YES;
			};
			name = Release;
		};
/* End XCBuildConfiguration section */

/* Begin XCConfigurationList section */
		1CC9B7A11F54168B002EF833 /* Build configuration list for PBXProject "libassIOS" */ = {
			isa = XCConfigurationList;
			buildConfigurations = (
				1CC9B7AD1F54168B002EF833 /* Debug */,
				1CC9B7AE1F54168B002EF833 /* Release */,
			);
			defaultConfigurationIsVisible = 0;
			defaultConfigurationName = Release;
		};
		1CC9B7AF1F54168B002EF833 /* Build configuration list for PBXNativeTarget "libassIOS" */ = {
			isa = XCConfigurationList;
			buildConfigurations = (
				1CC9B7B01F54168B002EF833 /* Debug */,
				1CC9B7B11F54168B002EF833 /* Release */,
			);
			defaultConfigurationIsVisible = 0;
			defaultConfigurationName = Release;
		};
/* End XCConfigurationList section */
	};
	rootObject = 1CC9B79E1F54168B002EF833 /* Project object */;
}
